// !$*UTF8*$!
{
	archiveVersion = 1;
	classes = {
	};
	objectVersion = 46;
	objects = {

/* Begin PBXBuildFile section */
		042353B41BEF7E1E00AEFE91 /* AppDelegate.m in Sources */ = {isa = PBXBuildFile; fileRef = 042353B11BEF7E1E00AEFE91 /* AppDelegate.m */; settings = {ASSET_TAGS = (); }; };
		042353BD1BEF7EC700AEFE91 /* MytabBarCon.m in Sources */ = {isa = PBXBuildFile; fileRef = 042353BC1BEF7EC700AEFE91 /* MytabBarCon.m */; settings = {ASSET_TAGS = (); }; };
		042353C41BEF7FF300AEFE91 /* meTableViewController.m in Sources */ = {isa = PBXBuildFile; fileRef = 042353C31BEF7FF300AEFE91 /* meTableViewController.m */; settings = {ASSET_TAGS = (); }; };
		042353C71BEF800100AEFE91 /* discoverTableViewController.m in Sources */ = {isa = PBXBuildFile; fileRef = 042353C61BEF800100AEFE91 /* discoverTableViewController.m */; settings = {ASSET_TAGS = (); }; };
		042353CA1BEF800D00AEFE91 /* messageTableViewController.m in Sources */ = {isa = PBXBuildFile; fileRef = 042353C91BEF800D00AEFE91 /* messageTableViewController.m */; settings = {ASSET_TAGS = (); }; };
		042353CD1BEF801700AEFE91 /* firstTableViewController.m in Sources */ = {isa = PBXBuildFile; fileRef = 042353CC1BEF801700AEFE91 /* firstTableViewController.m */; settings = {ASSET_TAGS = (); }; };
		042353D01BEF807100AEFE91 /* navCon.m in Sources */ = {isa = PBXBuildFile; fileRef = 042353CF1BEF807100AEFE91 /* navCon.m */; settings = {ASSET_TAGS = (); }; };
		042353D31BEF81F600AEFE91 /* MytabBar.m in Sources */ = {isa = PBXBuildFile; fileRef = 042353D21BEF81F600AEFE91 /* MytabBar.m */; settings = {ASSET_TAGS = (); }; };
		042353D91BEF866E00AEFE91 /* main.m in Sources */ = {isa = PBXBuildFile; fileRef = 042353D81BEF866E00AEFE91 /* main.m */; settings = {ASSET_TAGS = (); }; };
		042353DB1BEF867D00AEFE91 /* Info.plist in Resources */ = {isa = PBXBuildFile; fileRef = 042353DA1BEF867D00AEFE91 /* Info.plist */; settings = {ASSET_TAGS = (); }; };
		0478A2661BEF41F400884176 /* vistorTableViewController.m in Sources */ = {isa = PBXBuildFile; fileRef = 0478A2651BEF41F400884176 /* vistorTableViewController.m */; settings = {ASSET_TAGS = (); }; };
		0478A2691BEF425C00884176 /* vistorVIew.m in Sources */ = {isa = PBXBuildFile; fileRef = 0478A2681BEF425C00884176 /* vistorVIew.m */; settings = {ASSET_TAGS = (); }; };
		048BE3C21BEF8E6F00B6C3B2 /* MASCompositeConstraint.m in Sources */ = {isa = PBXBuildFile; fileRef = 048BE3A91BEF8E6F00B6C3B2 /* MASCompositeConstraint.m */; settings = {ASSET_TAGS = (); }; };
		048BE3C31BEF8E6F00B6C3B2 /* MASConstraint.m in Sources */ = {isa = PBXBuildFile; fileRef = 048BE3AC1BEF8E6F00B6C3B2 /* MASConstraint.m */; settings = {ASSET_TAGS = (); }; };
		048BE3C41BEF8E6F00B6C3B2 /* MASConstraintMaker.m in Sources */ = {isa = PBXBuildFile; fileRef = 048BE3AE1BEF8E6F00B6C3B2 /* MASConstraintMaker.m */; settings = {ASSET_TAGS = (); }; };
		048BE3C51BEF8E6F00B6C3B2 /* MASLayoutConstraint.m in Sources */ = {isa = PBXBuildFile; fileRef = 048BE3B01BEF8E6F00B6C3B2 /* MASLayoutConstraint.m */; settings = {ASSET_TAGS = (); }; };
		048BE3C61BEF8E6F00B6C3B2 /* MASViewAttribute.m in Sources */ = {isa = PBXBuildFile; fileRef = 048BE3B41BEF8E6F00B6C3B2 /* MASViewAttribute.m */; settings = {ASSET_TAGS = (); }; };
		048BE3C71BEF8E6F00B6C3B2 /* MASViewConstraint.m in Sources */ = {isa = PBXBuildFile; fileRef = 048BE3B61BEF8E6F00B6C3B2 /* MASViewConstraint.m */; settings = {ASSET_TAGS = (); }; };
		048BE3C81BEF8E6F00B6C3B2 /* NSArray+MASAdditions.m in Sources */ = {isa = PBXBuildFile; fileRef = 048BE3B81BEF8E6F00B6C3B2 /* NSArray+MASAdditions.m */; settings = {ASSET_TAGS = (); }; };
		048BE3C91BEF8E6F00B6C3B2 /* NSLayoutConstraint+MASDebugAdditions.m in Sources */ = {isa = PBXBuildFile; fileRef = 048BE3BB1BEF8E6F00B6C3B2 /* NSLayoutConstraint+MASDebugAdditions.m */; settings = {ASSET_TAGS = (); }; };
		048BE3CA1BEF8E6F00B6C3B2 /* View+MASAdditions.m in Sources */ = {isa = PBXBuildFile; fileRef = 048BE3BD1BEF8E6F00B6C3B2 /* View+MASAdditions.m */; settings = {ASSET_TAGS = (); }; };
		048BE3CB1BEF8E6F00B6C3B2 /* ViewController+MASAdditions.m in Sources */ = {isa = PBXBuildFile; fileRef = 048BE3C01BEF8E6F00B6C3B2 /* ViewController+MASAdditions.m */; settings = {ASSET_TAGS = (); }; };
		048C5FE71BECB3A600E0273B /* Assets.xcassets in Resources */ = {isa = PBXBuildFile; fileRef = 048C5FE61BECB3A600E0273B /* Assets.xcassets */; };
		048C5FF51BECB3A600E0273B /* ____Tests.m in Sources */ = {isa = PBXBuildFile; fileRef = 048C5FF41BECB3A600E0273B /* ____Tests.m */; };
		048C60001BECB3A600E0273B /* ____UITests.m in Sources */ = {isa = PBXBuildFile; fileRef = 048C5FFF1BECB3A600E0273B /* ____UITests.m */; };
/* End PBXBuildFile section */

/* Begin PBXContainerItemProxy section */
		048C5FF11BECB3A600E0273B /* PBXContainerItemProxy */ = {
			isa = PBXContainerItemProxy;
			containerPortal = 048C5FCF1BECB3A600E0273B /* Project object */;
			proxyType = 1;
			remoteGlobalIDString = 048C5FD61BECB3A600E0273B;
			remoteInfo = "新浪微博";
		};
		048C5FFC1BECB3A600E0273B /* PBXContainerItemProxy */ = {
			isa = PBXContainerItemProxy;
			containerPortal = 048C5FCF1BECB3A600E0273B /* Project object */;
			proxyType = 1;
			remoteGlobalIDString = 048C5FD61BECB3A600E0273B;
			remoteInfo = "新浪微博";
		};
/* End PBXContainerItemProxy section */

/* Begin PBXFileReference section */
		042353B01BEF7E1E00AEFE91 /* AppDelegate.h */ = {isa = PBXFileReference; fileEncoding = 4; lastKnownFileType = sourcecode.c.h; path = AppDelegate.h; sourceTree = "<group>"; };
		042353B11BEF7E1E00AEFE91 /* AppDelegate.m */ = {isa = PBXFileReference; fileEncoding = 4; lastKnownFileType = sourcecode.c.objc; path = AppDelegate.m; sourceTree = "<group>"; };
		042353BB1BEF7EC700AEFE91 /* MytabBarCon.h */ = {isa = PBXFileReference; fileEncoding = 4; lastKnownFileType = sourcecode.c.h; path = MytabBarCon.h; sourceTree = "<group>"; };
		042353BC1BEF7EC700AEFE91 /* MytabBarCon.m */ = {isa = PBXFileReference; fileEncoding = 4; lastKnownFileType = sourcecode.c.objc; path = MytabBarCon.m; sourceTree = "<group>"; };
		042353C21BEF7FF300AEFE91 /* meTableViewController.h */ = {isa = PBXFileReference; fileEncoding = 4; lastKnownFileType = sourcecode.c.h; path = meTableViewController.h; sourceTree = "<group>"; };
		042353C31BEF7FF300AEFE91 /* meTableViewController.m */ = {isa = PBXFileReference; fileEncoding = 4; lastKnownFileType = sourcecode.c.objc; path = meTableViewController.m; sourceTree = "<group>"; };
		042353C51BEF800100AEFE91 /* discoverTableViewController.h */ = {isa = PBXFileReference; fileEncoding = 4; lastKnownFileType = sourcecode.c.h; path = discoverTableViewController.h; sourceTree = "<group>"; };
		042353C61BEF800100AEFE91 /* discoverTableViewController.m */ = {isa = PBXFileReference; fileEncoding = 4; lastKnownFileType = sourcecode.c.objc; path = discoverTableViewController.m; sourceTree = "<group>"; };
		042353C81BEF800D00AEFE91 /* messageTableViewController.h */ = {isa = PBXFileReference; fileEncoding = 4; lastKnownFileType = sourcecode.c.h; path = messageTableViewController.h; sourceTree = "<group>"; };
		042353C91BEF800D00AEFE91 /* messageTableViewController.m */ = {isa = PBXFileReference; fileEncoding = 4; lastKnownFileType = sourcecode.c.objc; path = messageTableViewController.m; sourceTree = "<group>"; };
		042353CB1BEF801700AEFE91 /* firstTableViewController.h */ = {isa = PBXFileReference; fileEncoding = 4; lastKnownFileType = sourcecode.c.h; path = firstTableViewController.h; sourceTree = "<group>"; };
		042353CC1BEF801700AEFE91 /* firstTableViewController.m */ = {isa = PBXFileReference; fileEncoding = 4; lastKnownFileType = sourcecode.c.objc; path = firstTableViewController.m; sourceTree = "<group>"; };
		042353CE1BEF807100AEFE91 /* navCon.h */ = {isa = PBXFileReference; fileEncoding = 4; lastKnownFileType = sourcecode.c.h; path = navCon.h; sourceTree = "<group>"; };
		042353CF1BEF807100AEFE91 /* navCon.m */ = {isa = PBXFileReference; fileEncoding = 4; lastKnownFileType = sourcecode.c.objc; path = navCon.m; sourceTree = "<group>"; };
		042353D11BEF81F600AEFE91 /* MytabBar.h */ = {isa = PBXFileReference; fileEncoding = 4; lastKnownFileType = sourcecode.c.h; path = MytabBar.h; sourceTree = "<group>"; };
		042353D21BEF81F600AEFE91 /* MytabBar.m */ = {isa = PBXFileReference; fileEncoding = 4; lastKnownFileType = sourcecode.c.objc; path = MytabBar.m; sourceTree = "<group>"; };
		042353D81BEF866E00AEFE91 /* main.m */ = {isa = PBXFileReference; fileEncoding = 4; lastKnownFileType = sourcecode.c.objc; path = main.m; sourceTree = "<group>"; };
		042353DA1BEF867D00AEFE91 /* Info.plist */ = {isa = PBXFileReference; fileEncoding = 4; lastKnownFileType = text.plist.xml; path = Info.plist; sourceTree = "<group>"; };
		0478A2641BEF41F400884176 /* vistorTableViewController.h */ = {isa = PBXFileReference; fileEncoding = 4; lastKnownFileType = sourcecode.c.h; path = vistorTableViewController.h; sourceTree = "<group>"; };
		0478A2651BEF41F400884176 /* vistorTableViewController.m */ = {isa = PBXFileReference; fileEncoding = 4; lastKnownFileType = sourcecode.c.objc; path = vistorTableViewController.m; sourceTree = "<group>"; };
		0478A2671BEF425C00884176 /* vistorVIew.h */ = {isa = PBXFileReference; fileEncoding = 4; lastKnownFileType = sourcecode.c.h; path = vistorVIew.h; sourceTree = "<group>"; };
		0478A2681BEF425C00884176 /* vistorVIew.m */ = {isa = PBXFileReference; fileEncoding = 4; lastKnownFileType = sourcecode.c.objc; path = vistorVIew.m; sourceTree = "<group>"; };
		048BE3A81BEF8E6F00B6C3B2 /* MASCompositeConstraint.h */ = {isa = PBXFileReference; fileEncoding = 4; lastKnownFileType = sourcecode.c.h; path = MASCompositeConstraint.h; sourceTree = "<group>"; };
		048BE3A91BEF8E6F00B6C3B2 /* MASCompositeConstraint.m */ = {isa = PBXFileReference; fileEncoding = 4; lastKnownFileType = sourcecode.c.objc; path = MASCompositeConstraint.m; sourceTree = "<group>"; };
		048BE3AA1BEF8E6F00B6C3B2 /* MASConstraint+Private.h */ = {isa = PBXFileReference; fileEncoding = 4; lastKnownFileType = sourcecode.c.h; path = "MASConstraint+Private.h"; sourceTree = "<group>"; };
		048BE3AB1BEF8E6F00B6C3B2 /* MASConstraint.h */ = {isa = PBXFileReference; fileEncoding = 4; lastKnownFileType = sourcecode.c.h; path = MASConstraint.h; sourceTree = "<group>"; };
		048BE3AC1BEF8E6F00B6C3B2 /* MASConstraint.m */ = {isa = PBXFileReference; fileEncoding = 4; lastKnownFileType = sourcecode.c.objc; path = MASConstraint.m; sourceTree = "<group>"; };
		048BE3AD1BEF8E6F00B6C3B2 /* MASConstraintMaker.h */ = {isa = PBXFileReference; fileEncoding = 4; lastKnownFileType = sourcecode.c.h; path = MASConstraintMaker.h; sourceTree = "<group>"; };
		048BE3AE1BEF8E6F00B6C3B2 /* MASConstraintMaker.m */ = {isa = PBXFileReference; fileEncoding = 4; lastKnownFileType = sourcecode.c.objc; path = MASConstraintMaker.m; sourceTree = "<group>"; };
		048BE3AF1BEF8E6F00B6C3B2 /* MASLayoutConstraint.h */ = {isa = PBXFileReference; fileEncoding = 4; lastKnownFileType = sourcecode.c.h; path = MASLayoutConstraint.h; sourceTree = "<group>"; };
		048BE3B01BEF8E6F00B6C3B2 /* MASLayoutConstraint.m */ = {isa = PBXFileReference; fileEncoding = 4; lastKnownFileType = sourcecode.c.objc; path = MASLayoutConstraint.m; sourceTree = "<group>"; };
		048BE3B11BEF8E6F00B6C3B2 /* Masonry.h */ = {isa = PBXFileReference; fileEncoding = 4; lastKnownFileType = sourcecode.c.h; path = Masonry.h; sourceTree = "<group>"; };
		048BE3B21BEF8E6F00B6C3B2 /* MASUtilities.h */ = {isa = PBXFileReference; fileEncoding = 4; lastKnownFileType = sourcecode.c.h; path = MASUtilities.h; sourceTree = "<group>"; };
		048BE3B31BEF8E6F00B6C3B2 /* MASViewAttribute.h */ = {isa = PBXFileReference; fileEncoding = 4; lastKnownFileType = sourcecode.c.h; path = MASViewAttribute.h; sourceTree = "<group>"; };
		048BE3B41BEF8E6F00B6C3B2 /* MASViewAttribute.m */ = {isa = PBXFileReference; fileEncoding = 4; lastKnownFileType = sourcecode.c.objc; path = MASViewAttribute.m; sourceTree = "<group>"; };
		048BE3B51BEF8E6F00B6C3B2 /* MASViewConstraint.h */ = {isa = PBXFileReference; fileEncoding = 4; lastKnownFileType = sourcecode.c.h; path = MASViewConstraint.h; sourceTree = "<group>"; };
		048BE3B61BEF8E6F00B6C3B2 /* MASViewConstraint.m */ = {isa = PBXFileReference; fileEncoding = 4; lastKnownFileType = sourcecode.c.objc; path = MASViewConstraint.m; sourceTree = "<group>"; };
		048BE3B71BEF8E6F00B6C3B2 /* NSArray+MASAdditions.h */ = {isa = PBXFileReference; fileEncoding = 4; lastKnownFileType = sourcecode.c.h; path = "NSArray+MASAdditions.h"; sourceTree = "<group>"; };
		048BE3B81BEF8E6F00B6C3B2 /* NSArray+MASAdditions.m */ = {isa = PBXFileReference; fileEncoding = 4; lastKnownFileType = sourcecode.c.objc; path = "NSArray+MASAdditions.m"; sourceTree = "<group>"; };
		048BE3B91BEF8E6F00B6C3B2 /* NSArray+MASShorthandAdditions.h */ = {isa = PBXFileReference; fileEncoding = 4; lastKnownFileType = sourcecode.c.h; path = "NSArray+MASShorthandAdditions.h"; sourceTree = "<group>"; };
		048BE3BA1BEF8E6F00B6C3B2 /* NSLayoutConstraint+MASDebugAdditions.h */ = {isa = PBXFileReference; fileEncoding = 4; lastKnownFileType = sourcecode.c.h; path = "NSLayoutConstraint+MASDebugAdditions.h"; sourceTree = "<group>"; };
		048BE3BB1BEF8E6F00B6C3B2 /* NSLayoutConstraint+MASDebugAdditions.m */ = {isa = PBXFileReference; fileEncoding = 4; lastKnownFileType = sourcecode.c.objc; path = "NSLayoutConstraint+MASDebugAdditions.m"; sourceTree = "<group>"; };
		048BE3BC1BEF8E6F00B6C3B2 /* View+MASAdditions.h */ = {isa = PBXFileReference; fileEncoding = 4; lastKnownFileType = sourcecode.c.h; path = "View+MASAdditions.h"; sourceTree = "<group>"; };
		048BE3BD1BEF8E6F00B6C3B2 /* View+MASAdditions.m */ = {isa = PBXFileReference; fileEncoding = 4; lastKnownFileType = sourcecode.c.objc; path = "View+MASAdditions.m"; sourceTree = "<group>"; };
		048BE3BE1BEF8E6F00B6C3B2 /* View+MASShorthandAdditions.h */ = {isa = PBXFileReference; fileEncoding = 4; lastKnownFileType = sourcecode.c.h; path = "View+MASShorthandAdditions.h"; sourceTree = "<group>"; };
		048BE3BF1BEF8E6F00B6C3B2 /* ViewController+MASAdditions.h */ = {isa = PBXFileReference; fileEncoding = 4; lastKnownFileType = sourcecode.c.h; path = "ViewController+MASAdditions.h"; sourceTree = "<group>"; };
		048BE3C01BEF8E6F00B6C3B2 /* ViewController+MASAdditions.m */ = {isa = PBXFileReference; fileEncoding = 4; lastKnownFileType = sourcecode.c.objc; path = "ViewController+MASAdditions.m"; sourceTree = "<group>"; };
		048C5FD71BECB3A600E0273B /* 新浪微博.app */ = {isa = PBXFileReference; explicitFileType = wrapper.application; includeInIndex = 0; path = "新浪微博.app"; sourceTree = BUILT_PRODUCTS_DIR; };
		048C5FE61BECB3A600E0273B /* Assets.xcassets */ = {isa = PBXFileReference; lastKnownFileType = folder.assetcatalog; path = Assets.xcassets; sourceTree = "<group>"; };
		048C5FF01BECB3A600E0273B /* 新浪微博Tests.xctest */ = {isa = PBXFileReference; explicitFileType = wrapper.cfbundle; includeInIndex = 0; path = "新浪微博Tests.xctest"; sourceTree = BUILT_PRODUCTS_DIR; };
		048C5FF41BECB3A600E0273B /* ____Tests.m */ = {isa = PBXFileReference; lastKnownFileType = sourcecode.c.objc; path = "____Tests.m"; sourceTree = "<group>"; };
		048C5FF61BECB3A600E0273B /* Info.plist */ = {isa = PBXFileReference; lastKnownFileType = text.plist.xml; path = Info.plist; sourceTree = "<group>"; };
		048C5FFB1BECB3A600E0273B /* 新浪微博UITests.xctest */ = {isa = PBXFileReference; explicitFileType = wrapper.cfbundle; includeInIndex = 0; path = "新浪微博UITests.xctest"; sourceTree = BUILT_PRODUCTS_DIR; };
		048C5FFF1BECB3A600E0273B /* ____UITests.m */ = {isa = PBXFileReference; lastKnownFileType = sourcecode.c.objc; path = "____UITests.m"; sourceTree = "<group>"; };
		048C60011BECB3A600E0273B /* Info.plist */ = {isa = PBXFileReference; lastKnownFileType = text.plist.xml; path = Info.plist; sourceTree = "<group>"; };
/* End PBXFileReference section */

/* Begin PBXFrameworksBuildPhase section */
		048C5FD41BECB3A600E0273B /* Frameworks */ = {
			isa = PBXFrameworksBuildPhase;
			buildActionMask = 2147483647;
			files = (
			);
			runOnlyForDeploymentPostprocessing = 0;
		};
		048C5FED1BECB3A600E0273B /* Frameworks */ = {
			isa = PBXFrameworksBuildPhase;
			buildActionMask = 2147483647;
			files = (
			);
			runOnlyForDeploymentPostprocessing = 0;
		};
		048C5FF81BECB3A600E0273B /* Frameworks */ = {
			isa = PBXFrameworksBuildPhase;
			buildActionMask = 2147483647;
			files = (
			);
			runOnlyForDeploymentPostprocessing = 0;
		};
/* End PBXFrameworksBuildPhase section */

/* Begin PBXGroup section */
		042353AF1BEF7E1E00AEFE91 /* other */ = {
			isa = PBXGroup;
			children = (
				042353DA1BEF867D00AEFE91 /* Info.plist */,
				042353D81BEF866E00AEFE91 /* main.m */,
				042353B01BEF7E1E00AEFE91 /* AppDelegate.h */,
				042353B11BEF7E1E00AEFE91 /* AppDelegate.m */,
			);
			path = other;
			sourceTree = "<group>";
		};
		042353B71BEF7E6300AEFE91 /* models */ = {
			isa = PBXGroup;
			children = (
			);
			path = models;
			sourceTree = "<group>";
		};
		042353B81BEF7E6E00AEFE91 /* views */ = {
			isa = PBXGroup;
			children = (
			);
			path = views;
			sourceTree = "<group>";
		};
		042353B91BEF7E7400AEFE91 /* controllers */ = {
			isa = PBXGroup;
			children = (
				042353C11BEF7FCB00AEFE91 /* me */,
				042353C01BEF7FC200AEFE91 /* discover */,
				042353BF1BEF7FB800AEFE91 /* message */,
				042353BE1BEF7FAE00AEFE91 /* first */,
			);
			path = controllers;
			sourceTree = "<group>";
		};
		042353BA1BEF7E8500AEFE91 /* main */ = {
			isa = PBXGroup;
			children = (
				042353BB1BEF7EC700AEFE91 /* MytabBarCon.h */,
				042353BC1BEF7EC700AEFE91 /* MytabBarCon.m */,
				042353CE1BEF807100AEFE91 /* navCon.h */,
				042353CF1BEF807100AEFE91 /* navCon.m */,
				042353D11BEF81F600AEFE91 /* MytabBar.h */,
				042353D21BEF81F600AEFE91 /* MytabBar.m */,
				0478A2641BEF41F400884176 /* vistorTableViewController.h */,
				0478A2651BEF41F400884176 /* vistorTableViewController.m */,
				0478A2671BEF425C00884176 /* vistorVIew.h */,
				0478A2681BEF425C00884176 /* vistorVIew.m */,
			);
			path = main;
			sourceTree = "<group>";
		};
		042353BE1BEF7FAE00AEFE91 /* first */ = {
			isa = PBXGroup;
			children = (
				042353CB1BEF801700AEFE91 /* firstTableViewController.h */,
				042353CC1BEF801700AEFE91 /* firstTableViewController.m */,
			);
			name = first;
			sourceTree = "<group>";
		};
		042353BF1BEF7FB800AEFE91 /* message */ = {
			isa = PBXGroup;
			children = (
				042353C81BEF800D00AEFE91 /* messageTableViewController.h */,
				042353C91BEF800D00AEFE91 /* messageTableViewController.m */,
			);
			name = message;
			sourceTree = "<group>";
		};
		042353C01BEF7FC200AEFE91 /* discover */ = {
			isa = PBXGroup;
			children = (
				042353C51BEF800100AEFE91 /* discoverTableViewController.h */,
				042353C61BEF800100AEFE91 /* discoverTableViewController.m */,
			);
			name = discover;
			sourceTree = "<group>";
		};
		042353C11BEF7FCB00AEFE91 /* me */ = {
			isa = PBXGroup;
			children = (
				042353C21BEF7FF300AEFE91 /* meTableViewController.h */,
				042353C31BEF7FF300AEFE91 /* meTableViewController.m */,
			);
			name = me;
			sourceTree = "<group>";
		};
		043044071BEF864D002300CF /* venders */ = {
			isa = PBXGroup;
			children = (
				048BE3A61BEF8E6F00B6C3B2 /* Masonry */,
			);
			name = venders;
			sourceTree = "<group>";
		};
		048BE3A61BEF8E6F00B6C3B2 /* Masonry */ = {
			isa = PBXGroup;
			children = (
				048BE3A81BEF8E6F00B6C3B2 /* MASCompositeConstraint.h */,
				048BE3A91BEF8E6F00B6C3B2 /* MASCompositeConstraint.m */,
				048BE3AA1BEF8E6F00B6C3B2 /* MASConstraint+Private.h */,
				048BE3AB1BEF8E6F00B6C3B2 /* MASConstraint.h */,
				048BE3AC1BEF8E6F00B6C3B2 /* MASConstraint.m */,
				048BE3AD1BEF8E6F00B6C3B2 /* MASConstraintMaker.h */,
				048BE3AE1BEF8E6F00B6C3B2 /* MASConstraintMaker.m */,
				048BE3AF1BEF8E6F00B6C3B2 /* MASLayoutConstraint.h */,
				048BE3B01BEF8E6F00B6C3B2 /* MASLayoutConstraint.m */,
				048BE3B11BEF8E6F00B6C3B2 /* Masonry.h */,
				048BE3B21BEF8E6F00B6C3B2 /* MASUtilities.h */,
				048BE3B31BEF8E6F00B6C3B2 /* MASViewAttribute.h */,
				048BE3B41BEF8E6F00B6C3B2 /* MASViewAttribute.m */,
				048BE3B51BEF8E6F00B6C3B2 /* MASViewConstraint.h */,
				048BE3B61BEF8E6F00B6C3B2 /* MASViewConstraint.m */,
				048BE3B71BEF8E6F00B6C3B2 /* NSArray+MASAdditions.h */,
				048BE3B81BEF8E6F00B6C3B2 /* NSArray+MASAdditions.m */,
				048BE3B91BEF8E6F00B6C3B2 /* NSArray+MASShorthandAdditions.h */,
				048BE3BA1BEF8E6F00B6C3B2 /* NSLayoutConstraint+MASDebugAdditions.h */,
				048BE3BB1BEF8E6F00B6C3B2 /* NSLayoutConstraint+MASDebugAdditions.m */,
				048BE3BC1BEF8E6F00B6C3B2 /* View+MASAdditions.h */,
				048BE3BD1BEF8E6F00B6C3B2 /* View+MASAdditions.m */,
				048BE3BE1BEF8E6F00B6C3B2 /* View+MASShorthandAdditions.h */,
				048BE3BF1BEF8E6F00B6C3B2 /* ViewController+MASAdditions.h */,
				048BE3C01BEF8E6F00B6C3B2 /* ViewController+MASAdditions.m */,
			);
			path = Masonry;
			sourceTree = "<group>";
		};
		048C5FCE1BECB3A600E0273B = {
			isa = PBXGroup;
			children = (
				048C5FD91BECB3A600E0273B /* 新浪微博 */,
				048C5FF31BECB3A600E0273B /* 新浪微博Tests */,
				048C5FFE1BECB3A600E0273B /* 新浪微博UITests */,
				048C5FD81BECB3A600E0273B /* Products */,
			);
			sourceTree = "<group>";
		};
		048C5FD81BECB3A600E0273B /* Products */ = {
			isa = PBXGroup;
			children = (
				048C5FD71BECB3A600E0273B /* 新浪微博.app */,
				048C5FF01BECB3A600E0273B /* 新浪微博Tests.xctest */,
				048C5FFB1BECB3A600E0273B /* 新浪微博UITests.xctest */,
			);
			name = Products;
			sourceTree = "<group>";
		};
		048C5FD91BECB3A600E0273B /* 新浪微博 */ = {
			isa = PBXGroup;
			children = (
				043044071BEF864D002300CF /* venders */,
				042353BA1BEF7E8500AEFE91 /* main */,
				042353B91BEF7E7400AEFE91 /* controllers */,
				042353B81BEF7E6E00AEFE91 /* views */,
				042353B71BEF7E6300AEFE91 /* models */,
				042353AF1BEF7E1E00AEFE91 /* other */,
				048C5FDA1BECB3A600E0273B /* Supporting Files */,
			);
			path = "新浪微博";
			sourceTree = "<group>";
		};
		048C5FDA1BECB3A600E0273B /* Supporting Files */ = {
			isa = PBXGroup;
			children = (
				048C5FE61BECB3A600E0273B /* Assets.xcassets */,
			);
			name = "Supporting Files";
			sourceTree = "<group>";
		};
		048C5FF31BECB3A600E0273B /* 新浪微博Tests */ = {
			isa = PBXGroup;
			children = (
				048C5FF41BECB3A600E0273B /* ____Tests.m */,
				048C5FF61BECB3A600E0273B /* Info.plist */,
			);
			path = "新浪微博Tests";
			sourceTree = "<group>";
		};
		048C5FFE1BECB3A600E0273B /* 新浪微博UITests */ = {
			isa = PBXGroup;
			children = (
				048C5FFF1BECB3A600E0273B /* ____UITests.m */,
				048C60011BECB3A600E0273B /* Info.plist */,
			);
			path = "新浪微博UITests";
			sourceTree = "<group>";
		};
/* End PBXGroup section */

/* Begin PBXNativeTarget section */
		048C5FD61BECB3A600E0273B /* 新浪微博 */ = {
			isa = PBXNativeTarget;
			buildConfigurationList = 048C60041BECB3A600E0273B /* Build configuration list for PBXNativeTarget "新浪微博" */;
			buildPhases = (
				048C5FD31BECB3A600E0273B /* Sources */,
				048C5FD41BECB3A600E0273B /* Frameworks */,
				048C5FD51BECB3A600E0273B /* Resources */,
			);
			buildRules = (
			);
			dependencies = (
			);
			name = "新浪微博";
			productName = "新浪微博";
			productReference = 048C5FD71BECB3A600E0273B /* 新浪微博.app */;
			productType = "com.apple.product-type.application";
		};
		048C5FEF1BECB3A600E0273B /* 新浪微博Tests */ = {
			isa = PBXNativeTarget;
			buildConfigurationList = 048C60071BECB3A600E0273B /* Build configuration list for PBXNativeTarget "新浪微博Tests" */;
			buildPhases = (
				048C5FEC1BECB3A600E0273B /* Sources */,
				048C5FED1BECB3A600E0273B /* Frameworks */,
				048C5FEE1BECB3A600E0273B /* Resources */,
			);
			buildRules = (
			);
			dependencies = (
				048C5FF21BECB3A600E0273B /* PBXTargetDependency */,
			);
			name = "新浪微博Tests";
			productName = "新浪微博Tests";
			productReference = 048C5FF01BECB3A600E0273B /* 新浪微博Tests.xctest */;
			productType = "com.apple.product-type.bundle.unit-test";
		};
		048C5FFA1BECB3A600E0273B /* 新浪微博UITests */ = {
			isa = PBXNativeTarget;
			buildConfigurationList = 048C600A1BECB3A600E0273B /* Build configuration list for PBXNativeTarget "新浪微博UITests" */;
			buildPhases = (
				048C5FF71BECB3A600E0273B /* Sources */,
				048C5FF81BECB3A600E0273B /* Frameworks */,
				048C5FF91BECB3A600E0273B /* Resources */,
			);
			buildRules = (
			);
			dependencies = (
				048C5FFD1BECB3A600E0273B /* PBXTargetDependency */,
			);
			name = "新浪微博UITests";
			productName = "新浪微博UITests";
			productReference = 048C5FFB1BECB3A600E0273B /* 新浪微博UITests.xctest */;
			productType = "com.apple.product-type.bundle.ui-testing";
		};
/* End PBXNativeTarget section */

/* Begin PBXProject section */
		048C5FCF1BECB3A600E0273B /* Project object */ = {
			isa = PBXProject;
			attributes = {
				LastUpgradeCheck = 0700;
				ORGANIZATIONNAME = miaoyi;
				TargetAttributes = {
					048C5FD61BECB3A600E0273B = {
						CreatedOnToolsVersion = 7.0;
						DevelopmentTeam = 458RGAACTR;
					};
					048C5FEF1BECB3A600E0273B = {
						CreatedOnToolsVersion = 7.0;
						DevelopmentTeam = 458RGAACTR;
						TestTargetID = 048C5FD61BECB3A600E0273B;
					};
					048C5FFA1BECB3A600E0273B = {
						CreatedOnToolsVersion = 7.0;
						DevelopmentTeam = 458RGAACTR;
						TestTargetID = 048C5FD61BECB3A600E0273B;
					};
				};
			};
			buildConfigurationList = 048C5FD21BECB3A600E0273B /* Build configuration list for PBXProject "新浪微博" */;
			compatibilityVersion = "Xcode 3.2";
			developmentRegion = English;
			hasScannedForEncodings = 0;
			knownRegions = (
				en,
				Base,
			);
			mainGroup = 048C5FCE1BECB3A600E0273B;
			productRefGroup = 048C5FD81BECB3A600E0273B /* Products */;
			projectDirPath = "";
			projectRoot = "";
			targets = (
				048C5FD61BECB3A600E0273B /* 新浪微博 */,
				048C5FEF1BECB3A600E0273B /* 新浪微博Tests */,
				048C5FFA1BECB3A600E0273B /* 新浪微博UITests */,
			);
		};
/* End PBXProject section */

/* Begin PBXResourcesBuildPhase section */
		048C5FD51BECB3A600E0273B /* Resources */ = {
			isa = PBXResourcesBuildPhase;
			buildActionMask = 2147483647;
			files = (
				042353DB1BEF867D00AEFE91 /* Info.plist in Resources */,
				048C5FE71BECB3A600E0273B /* Assets.xcassets in Resources */,
			);
			runOnlyForDeploymentPostprocessing = 0;
		};
		048C5FEE1BECB3A600E0273B /* Resources */ = {
			isa = PBXResourcesBuildPhase;
			buildActionMask = 2147483647;
			files = (
			);
			runOnlyForDeploymentPostprocessing = 0;
		};
		048C5FF91BECB3A600E0273B /* Resources */ = {
			isa = PBXResourcesBuildPhase;
			buildActionMask = 2147483647;
			files = (
			);
			runOnlyForDeploymentPostprocessing = 0;
		};
/* End PBXResourcesBuildPhase section */

/* Begin PBXSourcesBuildPhase section */
		048C5FD31BECB3A600E0273B /* Sources */ = {
			isa = PBXSourcesBuildPhase;
			buildActionMask = 2147483647;
			files = (
				042353D01BEF807100AEFE91 /* navCon.m in Sources */,
				042353D31BEF81F600AEFE91 /* MytabBar.m in Sources */,
				0478A2661BEF41F400884176 /* vistorTableViewController.m in Sources */,
				0478A2691BEF425C00884176 /* vistorVIew.m in Sources */,
				048BE3C21BEF8E6F00B6C3B2 /* MASCompositeConstraint.m in Sources */,
				042353B41BEF7E1E00AEFE91 /* AppDelegate.m in Sources */,
				048BE3C71BEF8E6F00B6C3B2 /* MASViewConstraint.m in Sources */,
				042353BD1BEF7EC700AEFE91 /* MytabBarCon.m in Sources */,
				048BE3CA1BEF8E6F00B6C3B2 /* View+MASAdditions.m in Sources */,
				048BE3C91BEF8E6F00B6C3B2 /* NSLayoutConstraint+MASDebugAdditions.m in Sources */,
				048BE3C51BEF8E6F00B6C3B2 /* MASLayoutConstraint.m in Sources */,
				048BE3CB1BEF8E6F00B6C3B2 /* ViewController+MASAdditions.m in Sources */,
				048BE3C41BEF8E6F00B6C3B2 /* MASConstraintMaker.m in Sources */,
				042353CA1BEF800D00AEFE91 /* messageTableViewController.m in Sources */,
				042353CD1BEF801700AEFE91 /* firstTableViewController.m in Sources */,
				042353C71BEF800100AEFE91 /* discoverTableViewController.m in Sources */,
				042353D91BEF866E00AEFE91 /* main.m in Sources */,
				048BE3C81BEF8E6F00B6C3B2 /* NSArray+MASAdditions.m in Sources */,
				048BE3C61BEF8E6F00B6C3B2 /* MASViewAttribute.m in Sources */,
				042353C41BEF7FF300AEFE91 /* meTableViewController.m in Sources */,
				048BE3C31BEF8E6F00B6C3B2 /* MASConstraint.m in Sources */,
			);
			runOnlyForDeploymentPostprocessing = 0;
		};
		048C5FEC1BECB3A600E0273B /* Sources */ = {
			isa = PBXSourcesBuildPhase;
			buildActionMask = 2147483647;
			files = (
				048C5FF51BECB3A600E0273B /* ____Tests.m in Sources */,
			);
			runOnlyForDeploymentPostprocessing = 0;
		};
		048C5FF71BECB3A600E0273B /* Sources */ = {
			isa = PBXSourcesBuildPhase;
			buildActionMask = 2147483647;
			files = (
				048C60001BECB3A600E0273B /* ____UITests.m in Sources */,
			);
			runOnlyForDeploymentPostprocessing = 0;
		};
/* End PBXSourcesBuildPhase section */

/* Begin PBXTargetDependency section */
		048C5FF21BECB3A600E0273B /* PBXTargetDependency */ = {
			isa = PBXTargetDependency;
			target = 048C5FD61BECB3A600E0273B /* 新浪微博 */;
			targetProxy = 048C5FF11BECB3A600E0273B /* PBXContainerItemProxy */;
		};
		048C5FFD1BECB3A600E0273B /* PBXTargetDependency */ = {
			isa = PBXTargetDependency;
			target = 048C5FD61BECB3A600E0273B /* 新浪微博 */;
			targetProxy = 048C5FFC1BECB3A600E0273B /* PBXContainerItemProxy */;
		};
/* End PBXTargetDependency section */

/* Begin XCBuildConfiguration section */
		048C60021BECB3A600E0273B /* Debug */ = {
			isa = XCBuildConfiguration;
			buildSettings = {
				ALWAYS_SEARCH_USER_PATHS = NO;
				CLANG_CXX_LANGUAGE_STANDARD = "gnu++0x";
				CLANG_CXX_LIBRARY = "libc++";
				CLANG_ENABLE_MODULES = YES;
				CLANG_ENABLE_OBJC_ARC = YES;
				CLANG_WARN_BOOL_CONVERSION = YES;
				CLANG_WARN_CONSTANT_CONVERSION = YES;
				CLANG_WARN_DIRECT_OBJC_ISA_USAGE = YES_ERROR;
				CLANG_WARN_EMPTY_BODY = YES;
				CLANG_WARN_ENUM_CONVERSION = YES;
				CLANG_WARN_INT_CONVERSION = YES;
				CLANG_WARN_OBJC_ROOT_CLASS = YES_ERROR;
				CLANG_WARN_UNREACHABLE_CODE = YES;
				CLANG_WARN__DUPLICATE_METHOD_MATCH = YES;
				"CODE_SIGN_IDENTITY[sdk=iphoneos*]" = "iPhone Developer";
				COPY_PHASE_STRIP = NO;
				DEBUG_INFORMATION_FORMAT = dwarf;
				ENABLE_STRICT_OBJC_MSGSEND = YES;
				ENABLE_TESTABILITY = YES;
				GCC_C_LANGUAGE_STANDARD = gnu99;
				GCC_DYNAMIC_NO_PIC = NO;
				GCC_NO_COMMON_BLOCKS = YES;
				GCC_OPTIMIZATION_LEVEL = 0;
				GCC_PREPROCESSOR_DEFINITIONS = (
					"DEBUG=1",
					"$(inherited)",
				);
				GCC_WARN_64_TO_32_BIT_CONVERSION = YES;
				GCC_WARN_ABOUT_RETURN_TYPE = YES_ERROR;
				GCC_WARN_UNDECLARED_SELECTOR = YES;
				GCC_WARN_UNINITIALIZED_AUTOS = YES_AGGRESSIVE;
				GCC_WARN_UNUSED_FUNCTION = YES;
				GCC_WARN_UNUSED_VARIABLE = YES;
				IPHONEOS_DEPLOYMENT_TARGET = 9.0;
				MTL_ENABLE_DEBUG_INFO = YES;
				ONLY_ACTIVE_ARCH = YES;
				SDKROOT = iphoneos;
			};
			name = Debug;
		};
		048C60031BECB3A600E0273B /* Release */ = {
			isa = XCBuildConfiguration;
			buildSettings = {
				ALWAYS_SEARCH_USER_PATHS = NO;
				CLANG_CXX_LANGUAGE_STANDARD = "gnu++0x";
				CLANG_CXX_LIBRARY = "libc++";
				CLANG_ENABLE_MODULES = YES;
				CLANG_ENABLE_OBJC_ARC = YES;
				CLANG_WARN_BOOL_CONVERSION = YES;
				CLANG_WARN_CONSTANT_CONVERSION = YES;
				CLANG_WARN_DIRECT_OBJC_ISA_USAGE = YES_ERROR;
				CLANG_WARN_EMPTY_BODY = YES;
				CLANG_WARN_ENUM_CONVERSION = YES;
				CLANG_WARN_INT_CONVERSION = YES;
				CLANG_WARN_OBJC_ROOT_CLASS = YES_ERROR;
				CLANG_WARN_UNREACHABLE_CODE = YES;
				CLANG_WARN__DUPLICATE_METHOD_MATCH = YES;
				"CODE_SIGN_IDENTITY[sdk=iphoneos*]" = "iPhone Developer";
				COPY_PHASE_STRIP = NO;
				DEBUG_INFORMATION_FORMAT = "dwarf-with-dsym";
				ENABLE_NS_ASSERTIONS = NO;
				ENABLE_STRICT_OBJC_MSGSEND = YES;
				GCC_C_LANGUAGE_STANDARD = gnu99;
				GCC_NO_COMMON_BLOCKS = YES;
				GCC_WARN_64_TO_32_BIT_CONVERSION = YES;
				GCC_WARN_ABOUT_RETURN_TYPE = YES_ERROR;
				GCC_WARN_UNDECLARED_SELECTOR = YES;
				GCC_WARN_UNINITIALIZED_AUTOS = YES_AGGRESSIVE;
				GCC_WARN_UNUSED_FUNCTION = YES;
				GCC_WARN_UNUSED_VARIABLE = YES;
				IPHONEOS_DEPLOYMENT_TARGET = 9.0;
				MTL_ENABLE_DEBUG_INFO = NO;
				SDKROOT = iphoneos;
				VALIDATE_PRODUCT = YES;
			};
			name = Release;
		};
		048C60051BECB3A600E0273B /* Debug */ = {
			isa = XCBuildConfiguration;
			buildSettings = {
				ASSETCATALOG_COMPILER_APPICON_NAME = AppIcon;
				ASSETCATALOG_COMPILER_LAUNCHIMAGE_NAME = BrandAsset;
				GCC_VERSION = "";
				INFOPLIST_FILE = "新浪微博/Info.plist";
				LD_RUNPATH_SEARCH_PATHS = "$(inherited) @executable_path/Frameworks";
				PRODUCT_BUNDLE_IDENTIFIER = "com.miaoyi.www.----";
				PRODUCT_NAME = "$(TARGET_NAME)";
			};
			name = Debug;
		};
		048C60061BECB3A600E0273B /* Release */ = {
			isa = XCBuildConfiguration;
			buildSettings = {
				ASSETCATALOG_COMPILER_APPICON_NAME = AppIcon;
				ASSETCATALOG_COMPILER_LAUNCHIMAGE_NAME = BrandAsset;
				GCC_VERSION = "";
				INFOPLIST_FILE = "新浪微博/Info.plist";
				LD_RUNPATH_SEARCH_PATHS = "$(inherited) @executable_path/Frameworks";
				PRODUCT_BUNDLE_IDENTIFIER = "com.miaoyi.www.----";
				PRODUCT_NAME = "$(TARGET_NAME)";
			};
			name = Release;
		};
		048C60081BECB3A600E0273B /* Debug */ = {
			isa = XCBuildConfiguration;
			buildSettings = {
				BUNDLE_LOADER = "$(TEST_HOST)";
				INFOPLIST_FILE = "新浪微博Tests/Info.plist";
				LD_RUNPATH_SEARCH_PATHS = "$(inherited) @executable_path/Frameworks @loader_path/Frameworks";
				PRODUCT_BUNDLE_IDENTIFIER = "com.miaoyi.www.----Tests";
				PRODUCT_NAME = "$(TARGET_NAME)";
				TEST_HOST = "$(BUILT_PRODUCTS_DIR)/新浪微博.app/新浪微博";
			};
			name = Debug;
		};
		048C60091BECB3A600E0273B /* Release */ = {
			isa = XCBuildConfiguration;
			buildSettings = {
				BUNDLE_LOADER = "$(TEST_HOST)";
				INFOPLIST_FILE = "新浪微博Tests/Info.plist";
				LD_RUNPATH_SEARCH_PATHS = "$(inherited) @executable_path/Frameworks @loader_path/Frameworks";
				PRODUCT_BUNDLE_IDENTIFIER = "com.miaoyi.www.----Tests";
				PRODUCT_NAME = "$(TARGET_NAME)";
				TEST_HOST = "$(BUILT_PRODUCTS_DIR)/新浪微博.app/新浪微博";
			};
			name = Release;
		};
		048C600B1BECB3A600E0273B /* Debug */ = {
			isa = XCBuildConfiguration;
			buildSettings = {
				INFOPLIST_FILE = "新浪微博UITests/Info.plist";
				LD_RUNPATH_SEARCH_PATHS = "$(inherited) @executable_path/Frameworks @loader_path/Frameworks";
				PRODUCT_BUNDLE_IDENTIFIER = "com.miaoyi.www.----UITests";
				PRODUCT_NAME = "$(TARGET_NAME)";
				TEST_TARGET_NAME = "新浪微博";
				USES_XCTRUNNER = YES;
			};
			name = Debug;
		};
		048C600C1BECB3A600E0273B /* Release */ = {
			isa = XCBuildConfiguration;
			buildSettings = {
				INFOPLIST_FILE = "新浪微博UITests/Info.plist";
				LD_RUNPATH_SEARCH_PATHS = "$(inherited) @executable_path/Frameworks @loader_path/Frameworks";
				PRODUCT_BUNDLE_IDENTIFIER = "com.miaoyi.www.----UITests";
				PRODUCT_NAME = "$(TARGET_NAME)";
				TEST_TARGET_NAME = "新浪微博";
				USES_XCTRUNNER = YES;
			};
			name = Release;
		};
/* End XCBuildConfiguration section */

/* Begin XCConfigurationList section */
		048C5FD21BECB3A600E0273B /* Build configuration list for PBXProject "新浪微博" */ = {
			isa = XCConfigurationList;
			buildConfigurations = (
				048C60021BECB3A600E0273B /* Debug */,
				048C60031BECB3A600E0273B /* Release */,
			);
			defaultConfigurationIsVisible = 0;
			defaultConfigurationName = Release;
		};
		048C60041BECB3A600E0273B /* Build configuration list for PBXNativeTarget "新浪微博" */ = {
			isa = XCConfigurationList;
			buildConfigurations = (
				048C60051BECB3A600E0273B /* Debug */,
				048C60061BECB3A600E0273B /* Release */,
			);
			defaultConfigurationIsVisible = 0;
			defaultConfigurationName = Release;
		};
		048C60071BECB3A600E0273B /* Build configuration list for PBXNativeTarget "新浪微博Tests" */ = {
			isa = XCConfigurationList;
			buildConfigurations = (
				048C60081BECB3A600E0273B /* Debug */,
				048C60091BECB3A600E0273B /* Release */,
			);
			defaultConfigurationIsVisible = 0;
			defaultConfigurationName = Release;
		};
		048C600A1BECB3A600E0273B /* Build configuration list for PBXNativeTarget "新浪微博UITests" */ = {
			isa = XCConfigurationList;
			buildConfigurations = (
				048C600B1BECB3A600E0273B /* Debug */,
				048C600C1BECB3A600E0273B /* Release */,
			);
			defaultConfigurationIsVisible = 0;
			defaultConfigurationName = Release;
		};
/* End XCConfigurationList section */
	};
	rootObject = 048C5FCF1BECB3A600E0273B /* Project object */;
}
