// !$*UTF8*$!
{
	archiveVersion = 1;
	classes = {
	};
	objectVersion = 46;
	objects = {

/* Begin PBXBuildFile section */
		0400BF181BF435BD000DB520 /* WelcomeViewController.m in Sources */ = {isa = PBXBuildFile; fileRef = 0400BF171BF435BD000DB520 /* WelcomeViewController.m */; settings = {ASSET_TAGS = (); }; };
		0400BF1C1BF43E4D000DB520 /* UserTool.m in Sources */ = {isa = PBXBuildFile; fileRef = 0400BF1B1BF43E4D000DB520 /* UserTool.m */; settings = {ASSET_TAGS = (); }; };
		042353B41BEF7E1E00AEFE91 /* AppDelegate.m in Sources */ = {isa = PBXBuildFile; fileRef = 042353B11BEF7E1E00AEFE91 /* AppDelegate.m */; settings = {ASSET_TAGS = (); }; };
		042353BD1BEF7EC700AEFE91 /* MytabBarCon.m in Sources */ = {isa = PBXBuildFile; fileRef = 042353BC1BEF7EC700AEFE91 /* MytabBarCon.m */; settings = {ASSET_TAGS = (); }; };
		042353C41BEF7FF300AEFE91 /* meTableViewController.m in Sources */ = {isa = PBXBuildFile; fileRef = 042353C31BEF7FF300AEFE91 /* meTableViewController.m */; settings = {ASSET_TAGS = (); }; };
		042353C71BEF800100AEFE91 /* discoverTableViewController.m in Sources */ = {isa = PBXBuildFile; fileRef = 042353C61BEF800100AEFE91 /* discoverTableViewController.m */; settings = {ASSET_TAGS = (); }; };
		042353CA1BEF800D00AEFE91 /* messageTableViewController.m in Sources */ = {isa = PBXBuildFile; fileRef = 042353C91BEF800D00AEFE91 /* messageTableViewController.m */; settings = {ASSET_TAGS = (); }; };
		042353CD1BEF801700AEFE91 /* firstTableViewController.m in Sources */ = {isa = PBXBuildFile; fileRef = 042353CC1BEF801700AEFE91 /* firstTableViewController.m */; settings = {ASSET_TAGS = (); }; };
		042353D01BEF807100AEFE91 /* navCon.m in Sources */ = {isa = PBXBuildFile; fileRef = 042353CF1BEF807100AEFE91 /* navCon.m */; settings = {ASSET_TAGS = (); }; };
		042353D31BEF81F600AEFE91 /* MytabBar.m in Sources */ = {isa = PBXBuildFile; fileRef = 042353D21BEF81F600AEFE91 /* MytabBar.m */; settings = {ASSET_TAGS = (); }; };
		042353D91BEF866E00AEFE91 /* main.m in Sources */ = {isa = PBXBuildFile; fileRef = 042353D81BEF866E00AEFE91 /* main.m */; settings = {ASSET_TAGS = (); }; };
		042353DB1BEF867D00AEFE91 /* Info.plist in Resources */ = {isa = PBXBuildFile; fileRef = 042353DA1BEF867D00AEFE91 /* Info.plist */; settings = {ASSET_TAGS = (); }; };
		0478A2661BEF41F400884176 /* vistorTableViewController.m in Sources */ = {isa = PBXBuildFile; fileRef = 0478A2651BEF41F400884176 /* vistorTableViewController.m */; settings = {ASSET_TAGS = (); }; };
		0478A2691BEF425C00884176 /* vistorVIew.m in Sources */ = {isa = PBXBuildFile; fileRef = 0478A2681BEF425C00884176 /* vistorVIew.m */; settings = {ASSET_TAGS = (); }; };
		047B3E4C1BF1E1FA0021E64D /* Foundation+Log.m in Sources */ = {isa = PBXBuildFile; fileRef = 047B3E4B1BF1E1FA0021E64D /* Foundation+Log.m */; settings = {ASSET_TAGS = (); }; };
		047B3E4F1BF1E2EB0021E64D /* statusModel.m in Sources */ = {isa = PBXBuildFile; fileRef = 047B3E4E1BF1E2EB0021E64D /* statusModel.m */; settings = {ASSET_TAGS = (); }; };
		048BE3C21BEF8E6F00B6C3B2 /* MASCompositeConstraint.m in Sources */ = {isa = PBXBuildFile; fileRef = 048BE3A91BEF8E6F00B6C3B2 /* MASCompositeConstraint.m */; settings = {ASSET_TAGS = (); }; };
		048BE3C31BEF8E6F00B6C3B2 /* MASConstraint.m in Sources */ = {isa = PBXBuildFile; fileRef = 048BE3AC1BEF8E6F00B6C3B2 /* MASConstraint.m */; settings = {ASSET_TAGS = (); }; };
		048BE3C41BEF8E6F00B6C3B2 /* MASConstraintMaker.m in Sources */ = {isa = PBXBuildFile; fileRef = 048BE3AE1BEF8E6F00B6C3B2 /* MASConstraintMaker.m */; settings = {ASSET_TAGS = (); }; };
		048BE3C51BEF8E6F00B6C3B2 /* MASLayoutConstraint.m in Sources */ = {isa = PBXBuildFile; fileRef = 048BE3B01BEF8E6F00B6C3B2 /* MASLayoutConstraint.m */; settings = {ASSET_TAGS = (); }; };
		048BE3C61BEF8E6F00B6C3B2 /* MASViewAttribute.m in Sources */ = {isa = PBXBuildFile; fileRef = 048BE3B41BEF8E6F00B6C3B2 /* MASViewAttribute.m */; settings = {ASSET_TAGS = (); }; };
		048BE3C71BEF8E6F00B6C3B2 /* MASViewConstraint.m in Sources */ = {isa = PBXBuildFile; fileRef = 048BE3B61BEF8E6F00B6C3B2 /* MASViewConstraint.m */; settings = {ASSET_TAGS = (); }; };
		048BE3C81BEF8E6F00B6C3B2 /* NSArray+MASAdditions.m in Sources */ = {isa = PBXBuildFile; fileRef = 048BE3B81BEF8E6F00B6C3B2 /* NSArray+MASAdditions.m */; settings = {ASSET_TAGS = (); }; };
		048BE3C91BEF8E6F00B6C3B2 /* NSLayoutConstraint+MASDebugAdditions.m in Sources */ = {isa = PBXBuildFile; fileRef = 048BE3BB1BEF8E6F00B6C3B2 /* NSLayoutConstraint+MASDebugAdditions.m */; settings = {ASSET_TAGS = (); }; };
		048BE3CA1BEF8E6F00B6C3B2 /* View+MASAdditions.m in Sources */ = {isa = PBXBuildFile; fileRef = 048BE3BD1BEF8E6F00B6C3B2 /* View+MASAdditions.m */; settings = {ASSET_TAGS = (); }; };
		048BE3CB1BEF8E6F00B6C3B2 /* ViewController+MASAdditions.m in Sources */ = {isa = PBXBuildFile; fileRef = 048BE3C01BEF8E6F00B6C3B2 /* ViewController+MASAdditions.m */; settings = {ASSET_TAGS = (); }; };
		048C5FE71BECB3A600E0273B /* Assets.xcassets in Resources */ = {isa = PBXBuildFile; fileRef = 048C5FE61BECB3A600E0273B /* Assets.xcassets */; };
		048C5FF51BECB3A600E0273B /* ____Tests.m in Sources */ = {isa = PBXBuildFile; fileRef = 048C5FF41BECB3A600E0273B /* ____Tests.m */; };
		048C60001BECB3A600E0273B /* ____UITests.m in Sources */ = {isa = PBXBuildFile; fileRef = 048C5FFF1BECB3A600E0273B /* ____UITests.m */; };
		04A01FC81BF305480076CCDB /* UnreadModel.m in Sources */ = {isa = PBXBuildFile; fileRef = 04A01FC71BF305480076CCDB /* UnreadModel.m */; settings = {ASSET_TAGS = (); }; };
		04A01FCB1BF3081A0076CCDB /* firstStatusCell.m in Sources */ = {isa = PBXBuildFile; fileRef = 04A01FCA1BF3081A0076CCDB /* firstStatusCell.m */; settings = {ASSET_TAGS = (); }; };
		04A39A2D1BF458BB009E9FBC /* libSDWebImage.a in Frameworks */ = {isa = PBXBuildFile; fileRef = 04A39A2C1BF458BB009E9FBC /* libSDWebImage.a */; };
		04C8F6081BF1DABE00C0D27A /* MJDictionaryCache.m in Sources */ = {isa = PBXBuildFile; fileRef = 04C8F5F21BF1DABE00C0D27A /* MJDictionaryCache.m */; settings = {ASSET_TAGS = (); }; };
		04C8F6091BF1DABE00C0D27A /* MJExtensionConst.m in Sources */ = {isa = PBXBuildFile; fileRef = 04C8F5F51BF1DABE00C0D27A /* MJExtensionConst.m */; settings = {ASSET_TAGS = (); }; };
		04C8F60A1BF1DABE00C0D27A /* MJFoundation.m in Sources */ = {isa = PBXBuildFile; fileRef = 04C8F5F71BF1DABE00C0D27A /* MJFoundation.m */; settings = {ASSET_TAGS = (); }; };
		04C8F60B1BF1DABE00C0D27A /* MJProperty.m in Sources */ = {isa = PBXBuildFile; fileRef = 04C8F5F91BF1DABE00C0D27A /* MJProperty.m */; settings = {ASSET_TAGS = (); }; };
		04C8F60C1BF1DABE00C0D27A /* MJPropertyKey.m in Sources */ = {isa = PBXBuildFile; fileRef = 04C8F5FB1BF1DABE00C0D27A /* MJPropertyKey.m */; settings = {ASSET_TAGS = (); }; };
		04C8F60D1BF1DABE00C0D27A /* MJPropertyType.m in Sources */ = {isa = PBXBuildFile; fileRef = 04C8F5FD1BF1DABE00C0D27A /* MJPropertyType.m */; settings = {ASSET_TAGS = (); }; };
		04C8F60E1BF1DABE00C0D27A /* NSObject+MJClass.m in Sources */ = {isa = PBXBuildFile; fileRef = 04C8F5FF1BF1DABE00C0D27A /* NSObject+MJClass.m */; settings = {ASSET_TAGS = (); }; };
		04C8F60F1BF1DABE00C0D27A /* NSObject+MJCoding.m in Sources */ = {isa = PBXBuildFile; fileRef = 04C8F6011BF1DABE00C0D27A /* NSObject+MJCoding.m */; settings = {ASSET_TAGS = (); }; };
		04C8F6101BF1DABE00C0D27A /* NSObject+MJKeyValue.m in Sources */ = {isa = PBXBuildFile; fileRef = 04C8F6031BF1DABE00C0D27A /* NSObject+MJKeyValue.m */; settings = {ASSET_TAGS = (); }; };
		04C8F6111BF1DABE00C0D27A /* NSObject+MJProperty.m in Sources */ = {isa = PBXBuildFile; fileRef = 04C8F6051BF1DABE00C0D27A /* NSObject+MJProperty.m */; settings = {ASSET_TAGS = (); }; };
		04C8F6121BF1DABE00C0D27A /* NSString+MJExtension.m in Sources */ = {isa = PBXBuildFile; fileRef = 04C8F6071BF1DABE00C0D27A /* NSString+MJExtension.m */; settings = {ASSET_TAGS = (); }; };
		04C8F6151BF1DC0100C0D27A /* UserModel.m in Sources */ = {isa = PBXBuildFile; fileRef = 04C8F6141BF1DC0100C0D27A /* UserModel.m */; settings = {ASSET_TAGS = (); }; };
		04DB80B61BF0571800DAEBED /* LoginVc.m in Sources */ = {isa = PBXBuildFile; fileRef = 04DB80B51BF0571800DAEBED /* LoginVc.m */; settings = {ASSET_TAGS = (); }; };
		04DB80D21BF08ECB00DAEBED /* SVIndefiniteAnimatedView.m in Sources */ = {isa = PBXBuildFile; fileRef = 04DB80CB1BF08ECB00DAEBED /* SVIndefiniteAnimatedView.m */; settings = {ASSET_TAGS = (); }; };
		04DB80D31BF08ECB00DAEBED /* SVProgressHUD.bundle in Resources */ = {isa = PBXBuildFile; fileRef = 04DB80CD1BF08ECB00DAEBED /* SVProgressHUD.bundle */; settings = {ASSET_TAGS = (); }; };
		04DB80D41BF08ECB00DAEBED /* SVProgressHUD.m in Sources */ = {isa = PBXBuildFile; fileRef = 04DB80CF1BF08ECB00DAEBED /* SVProgressHUD.m */; settings = {ASSET_TAGS = (); }; };
		04DB80D51BF08ECB00DAEBED /* SVRadialGradientLayer.m in Sources */ = {isa = PBXBuildFile; fileRef = 04DB80D11BF08ECB00DAEBED /* SVRadialGradientLayer.m */; settings = {ASSET_TAGS = (); }; };
		04DB80D91BF096D300DAEBED /* accountModel.m in Sources */ = {isa = PBXBuildFile; fileRef = 04DB80D81BF096D300DAEBED /* accountModel.m */; settings = {ASSET_TAGS = (); }; };
		04DB80DC1BF0971000DAEBED /* accountTool.m in Sources */ = {isa = PBXBuildFile; fileRef = 04DB80DB1BF0971000DAEBED /* accountTool.m */; settings = {ASSET_TAGS = (); }; };
		04DB80EE1BF0AE3100DAEBED /* MJRefresh.bundle in Resources */ = {isa = PBXBuildFile; fileRef = 04DB80DE1BF0AE3000DAEBED /* MJRefresh.bundle */; settings = {ASSET_TAGS = (); }; };
		04DB80EF1BF0AE3100DAEBED /* MJRefreshBaseView.m in Sources */ = {isa = PBXBuildFile; fileRef = 04DB80E11BF0AE3000DAEBED /* MJRefreshBaseView.m */; settings = {ASSET_TAGS = (); }; };
		04DB80F01BF0AE3100DAEBED /* MJRefreshConst.m in Sources */ = {isa = PBXBuildFile; fileRef = 04DB80E31BF0AE3000DAEBED /* MJRefreshConst.m */; settings = {ASSET_TAGS = (); }; };
		04DB80F11BF0AE3100DAEBED /* MJRefreshFooterView.m in Sources */ = {isa = PBXBuildFile; fileRef = 04DB80E51BF0AE3000DAEBED /* MJRefreshFooterView.m */; settings = {ASSET_TAGS = (); }; };
		04DB80F21BF0AE3100DAEBED /* MJRefreshHeaderView.m in Sources */ = {isa = PBXBuildFile; fileRef = 04DB80E71BF0AE3000DAEBED /* MJRefreshHeaderView.m */; settings = {ASSET_TAGS = (); }; };
		04DB80F31BF0AE3100DAEBED /* UIScrollView+MJExtension.m in Sources */ = {isa = PBXBuildFile; fileRef = 04DB80E91BF0AE3000DAEBED /* UIScrollView+MJExtension.m */; settings = {ASSET_TAGS = (); }; };
		04DB80F41BF0AE3100DAEBED /* UIScrollView+MJRefresh.m in Sources */ = {isa = PBXBuildFile; fileRef = 04DB80EB1BF0AE3100DAEBED /* UIScrollView+MJRefresh.m */; settings = {ASSET_TAGS = (); }; };
		04DB80F51BF0AE3100DAEBED /* UIView+MJExtension.m in Sources */ = {isa = PBXBuildFile; fileRef = 04DB80ED1BF0AE3100DAEBED /* UIView+MJExtension.m */; settings = {ASSET_TAGS = (); }; };
		04DB80F81BF0B13800DAEBED /* searchView.m in Sources */ = {isa = PBXBuildFile; fileRef = 04DB80F71BF0B13800DAEBED /* searchView.m */; settings = {ASSET_TAGS = (); }; };
		04DB80FC1BF0BEDB00DAEBED /* newFeatureViewController.m in Sources */ = {isa = PBXBuildFile; fileRef = 04DB80FB1BF0BEDB00DAEBED /* newFeatureViewController.m */; settings = {ASSET_TAGS = (); }; };
		0EBCAAD4A4FE8AEAFB85B9EF /* libPods.a in Frameworks */ = {isa = PBXBuildFile; fileRef = E680B4BE4B2B33F6BBA791DE /* libPods.a */; };
		7EB951A6A5FABBD15D1AF26A /* libPods-新浪微博.a in Frameworks */ = {isa = PBXBuildFile; fileRef = 5D595A12994D297DEFF78853 /* libPods-新浪微博.a */; };
		8F4BB8C069110A6A4F879608 /* libPods-新浪微博Tests.a in Frameworks */ = {isa = PBXBuildFile; fileRef = 89BC33BDA23B8A6AB62AD15A /* libPods-新浪微博Tests.a */; };
		98C519FA6C1FB0C481FA181F /* libPods-新浪微博UITests.a in Frameworks */ = {isa = PBXBuildFile; fileRef = 2FFCA65C65190627D91AC4EB /* libPods-新浪微博UITests.a */; };
/* End PBXBuildFile section */

/* Begin PBXContainerItemProxy section */
		048C5FF11BECB3A600E0273B /* PBXContainerItemProxy */ = {
			isa = PBXContainerItemProxy;
			containerPortal = 048C5FCF1BECB3A600E0273B /* Project object */;
			proxyType = 1;
			remoteGlobalIDString = 048C5FD61BECB3A600E0273B;
			remoteInfo = "新浪微博";
		};
		048C5FFC1BECB3A600E0273B /* PBXContainerItemProxy */ = {
			isa = PBXContainerItemProxy;
			containerPortal = 048C5FCF1BECB3A600E0273B /* Project object */;
			proxyType = 1;
			remoteGlobalIDString = 048C5FD61BECB3A600E0273B;
			remoteInfo = "新浪微博";
		};
/* End PBXContainerItemProxy section */

/* Begin PBXFileReference section */
		0400BF161BF435BD000DB520 /* WelcomeViewController.h */ = {isa = PBXFileReference; fileEncoding = 4; lastKnownFileType = sourcecode.c.h; path = WelcomeViewController.h; sourceTree = "<group>"; };
		0400BF171BF435BD000DB520 /* WelcomeViewController.m */ = {isa = PBXFileReference; fileEncoding = 4; lastKnownFileType = sourcecode.c.objc; path = WelcomeViewController.m; sourceTree = "<group>"; };
		0400BF1A1BF43E4D000DB520 /* UserTool.h */ = {isa = PBXFileReference; fileEncoding = 4; lastKnownFileType = sourcecode.c.h; path = UserTool.h; sourceTree = "<group>"; };
		0400BF1B1BF43E4D000DB520 /* UserTool.m */ = {isa = PBXFileReference; fileEncoding = 4; lastKnownFileType = sourcecode.c.objc; path = UserTool.m; sourceTree = "<group>"; };
		042353B01BEF7E1E00AEFE91 /* AppDelegate.h */ = {isa = PBXFileReference; fileEncoding = 4; lastKnownFileType = sourcecode.c.h; path = AppDelegate.h; sourceTree = "<group>"; };
		042353B11BEF7E1E00AEFE91 /* AppDelegate.m */ = {isa = PBXFileReference; fileEncoding = 4; lastKnownFileType = sourcecode.c.objc; path = AppDelegate.m; sourceTree = "<group>"; };
		042353BB1BEF7EC700AEFE91 /* MytabBarCon.h */ = {isa = PBXFileReference; fileEncoding = 4; lastKnownFileType = sourcecode.c.h; path = MytabBarCon.h; sourceTree = "<group>"; };
		042353BC1BEF7EC700AEFE91 /* MytabBarCon.m */ = {isa = PBXFileReference; fileEncoding = 4; lastKnownFileType = sourcecode.c.objc; path = MytabBarCon.m; sourceTree = "<group>"; };
		042353C21BEF7FF300AEFE91 /* meTableViewController.h */ = {isa = PBXFileReference; fileEncoding = 4; lastKnownFileType = sourcecode.c.h; path = meTableViewController.h; sourceTree = "<group>"; };
		042353C31BEF7FF300AEFE91 /* meTableViewController.m */ = {isa = PBXFileReference; fileEncoding = 4; lastKnownFileType = sourcecode.c.objc; path = meTableViewController.m; sourceTree = "<group>"; };
		042353C51BEF800100AEFE91 /* discoverTableViewController.h */ = {isa = PBXFileReference; fileEncoding = 4; lastKnownFileType = sourcecode.c.h; path = discoverTableViewController.h; sourceTree = "<group>"; };
		042353C61BEF800100AEFE91 /* discoverTableViewController.m */ = {isa = PBXFileReference; fileEncoding = 4; lastKnownFileType = sourcecode.c.objc; path = discoverTableViewController.m; sourceTree = "<group>"; };
		042353C81BEF800D00AEFE91 /* messageTableViewController.h */ = {isa = PBXFileReference; fileEncoding = 4; lastKnownFileType = sourcecode.c.h; path = messageTableViewController.h; sourceTree = "<group>"; };
		042353C91BEF800D00AEFE91 /* messageTableViewController.m */ = {isa = PBXFileReference; fileEncoding = 4; lastKnownFileType = sourcecode.c.objc; path = messageTableViewController.m; sourceTree = "<group>"; };
		042353CB1BEF801700AEFE91 /* firstTableViewController.h */ = {isa = PBXFileReference; fileEncoding = 4; lastKnownFileType = sourcecode.c.h; path = firstTableViewController.h; sourceTree = "<group>"; };
		042353CC1BEF801700AEFE91 /* firstTableViewController.m */ = {isa = PBXFileReference; fileEncoding = 4; lastKnownFileType = sourcecode.c.objc; path = firstTableViewController.m; sourceTree = "<group>"; };
		042353CE1BEF807100AEFE91 /* navCon.h */ = {isa = PBXFileReference; fileEncoding = 4; lastKnownFileType = sourcecode.c.h; path = navCon.h; sourceTree = "<group>"; };
		042353CF1BEF807100AEFE91 /* navCon.m */ = {isa = PBXFileReference; fileEncoding = 4; lastKnownFileType = sourcecode.c.objc; path = navCon.m; sourceTree = "<group>"; };
		042353D11BEF81F600AEFE91 /* MytabBar.h */ = {isa = PBXFileReference; fileEncoding = 4; lastKnownFileType = sourcecode.c.h; path = MytabBar.h; sourceTree = "<group>"; };
		042353D21BEF81F600AEFE91 /* MytabBar.m */ = {isa = PBXFileReference; fileEncoding = 4; lastKnownFileType = sourcecode.c.objc; path = MytabBar.m; sourceTree = "<group>"; };
		042353D81BEF866E00AEFE91 /* main.m */ = {isa = PBXFileReference; fileEncoding = 4; lastKnownFileType = sourcecode.c.objc; path = main.m; sourceTree = "<group>"; };
		042353DA1BEF867D00AEFE91 /* Info.plist */ = {isa = PBXFileReference; fileEncoding = 4; lastKnownFileType = text.plist.xml; path = Info.plist; sourceTree = "<group>"; };
		0478A2641BEF41F400884176 /* vistorTableViewController.h */ = {isa = PBXFileReference; fileEncoding = 4; lastKnownFileType = sourcecode.c.h; path = vistorTableViewController.h; sourceTree = "<group>"; };
		0478A2651BEF41F400884176 /* vistorTableViewController.m */ = {isa = PBXFileReference; fileEncoding = 4; lastKnownFileType = sourcecode.c.objc; path = vistorTableViewController.m; sourceTree = "<group>"; };
		0478A2671BEF425C00884176 /* vistorVIew.h */ = {isa = PBXFileReference; fileEncoding = 4; lastKnownFileType = sourcecode.c.h; path = vistorVIew.h; sourceTree = "<group>"; };
		0478A2681BEF425C00884176 /* vistorVIew.m */ = {isa = PBXFileReference; fileEncoding = 4; lastKnownFileType = sourcecode.c.objc; path = vistorVIew.m; sourceTree = "<group>"; };
		047B3E4B1BF1E1FA0021E64D /* Foundation+Log.m */ = {isa = PBXFileReference; fileEncoding = 4; lastKnownFileType = sourcecode.c.objc; path = "Foundation+Log.m"; sourceTree = "<group>"; };
		047B3E4D1BF1E2EB0021E64D /* statusModel.h */ = {isa = PBXFileReference; fileEncoding = 4; lastKnownFileType = sourcecode.c.h; path = statusModel.h; sourceTree = "<group>"; };
		047B3E4E1BF1E2EB0021E64D /* statusModel.m */ = {isa = PBXFileReference; fileEncoding = 4; lastKnownFileType = sourcecode.c.objc; path = statusModel.m; sourceTree = "<group>"; };
		048BE3A81BEF8E6F00B6C3B2 /* MASCompositeConstraint.h */ = {isa = PBXFileReference; fileEncoding = 4; lastKnownFileType = sourcecode.c.h; path = MASCompositeConstraint.h; sourceTree = "<group>"; };
		048BE3A91BEF8E6F00B6C3B2 /* MASCompositeConstraint.m */ = {isa = PBXFileReference; fileEncoding = 4; lastKnownFileType = sourcecode.c.objc; path = MASCompositeConstraint.m; sourceTree = "<group>"; };
		048BE3AA1BEF8E6F00B6C3B2 /* MASConstraint+Private.h */ = {isa = PBXFileReference; fileEncoding = 4; lastKnownFileType = sourcecode.c.h; path = "MASConstraint+Private.h"; sourceTree = "<group>"; };
		048BE3AB1BEF8E6F00B6C3B2 /* MASConstraint.h */ = {isa = PBXFileReference; fileEncoding = 4; lastKnownFileType = sourcecode.c.h; path = MASConstraint.h; sourceTree = "<group>"; };
		048BE3AC1BEF8E6F00B6C3B2 /* MASConstraint.m */ = {isa = PBXFileReference; fileEncoding = 4; lastKnownFileType = sourcecode.c.objc; path = MASConstraint.m; sourceTree = "<group>"; };
		048BE3AD1BEF8E6F00B6C3B2 /* MASConstraintMaker.h */ = {isa = PBXFileReference; fileEncoding = 4; lastKnownFileType = sourcecode.c.h; path = MASConstraintMaker.h; sourceTree = "<group>"; };
		048BE3AE1BEF8E6F00B6C3B2 /* MASConstraintMaker.m */ = {isa = PBXFileReference; fileEncoding = 4; lastKnownFileType = sourcecode.c.objc; path = MASConstraintMaker.m; sourceTree = "<group>"; };
		048BE3AF1BEF8E6F00B6C3B2 /* MASLayoutConstraint.h */ = {isa = PBXFileReference; fileEncoding = 4; lastKnownFileType = sourcecode.c.h; path = MASLayoutConstraint.h; sourceTree = "<group>"; };
		048BE3B01BEF8E6F00B6C3B2 /* MASLayoutConstraint.m */ = {isa = PBXFileReference; fileEncoding = 4; lastKnownFileType = sourcecode.c.objc; path = MASLayoutConstraint.m; sourceTree = "<group>"; };
		048BE3B11BEF8E6F00B6C3B2 /* Masonry.h */ = {isa = PBXFileReference; fileEncoding = 4; lastKnownFileType = sourcecode.c.h; path = Masonry.h; sourceTree = "<group>"; };
		048BE3B21BEF8E6F00B6C3B2 /* MASUtilities.h */ = {isa = PBXFileReference; fileEncoding = 4; lastKnownFileType = sourcecode.c.h; path = MASUtilities.h; sourceTree = "<group>"; };
		048BE3B31BEF8E6F00B6C3B2 /* MASViewAttribute.h */ = {isa = PBXFileReference; fileEncoding = 4; lastKnownFileType = sourcecode.c.h; path = MASViewAttribute.h; sourceTree = "<group>"; };
		048BE3B41BEF8E6F00B6C3B2 /* MASViewAttribute.m */ = {isa = PBXFileReference; fileEncoding = 4; lastKnownFileType = sourcecode.c.objc; path = MASViewAttribute.m; sourceTree = "<group>"; };
		048BE3B51BEF8E6F00B6C3B2 /* MASViewConstraint.h */ = {isa = PBXFileReference; fileEncoding = 4; lastKnownFileType = sourcecode.c.h; path = MASViewConstraint.h; sourceTree = "<group>"; };
		048BE3B61BEF8E6F00B6C3B2 /* MASViewConstraint.m */ = {isa = PBXFileReference; fileEncoding = 4; lastKnownFileType = sourcecode.c.objc; path = MASViewConstraint.m; sourceTree = "<group>"; };
		048BE3B71BEF8E6F00B6C3B2 /* NSArray+MASAdditions.h */ = {isa = PBXFileReference; fileEncoding = 4; lastKnownFileType = sourcecode.c.h; path = "NSArray+MASAdditions.h"; sourceTree = "<group>"; };
		048BE3B81BEF8E6F00B6C3B2 /* NSArray+MASAdditions.m */ = {isa = PBXFileReference; fileEncoding = 4; lastKnownFileType = sourcecode.c.objc; path = "NSArray+MASAdditions.m"; sourceTree = "<group>"; };
		048BE3B91BEF8E6F00B6C3B2 /* NSArray+MASShorthandAdditions.h */ = {isa = PBXFileReference; fileEncoding = 4; lastKnownFileType = sourcecode.c.h; path = "NSArray+MASShorthandAdditions.h"; sourceTree = "<group>"; };
		048BE3BA1BEF8E6F00B6C3B2 /* NSLayoutConstraint+MASDebugAdditions.h */ = {isa = PBXFileReference; fileEncoding = 4; lastKnownFileType = sourcecode.c.h; path = "NSLayoutConstraint+MASDebugAdditions.h"; sourceTree = "<group>"; };
		048BE3BB1BEF8E6F00B6C3B2 /* NSLayoutConstraint+MASDebugAdditions.m */ = {isa = PBXFileReference; fileEncoding = 4; lastKnownFileType = sourcecode.c.objc; path = "NSLayoutConstraint+MASDebugAdditions.m"; sourceTree = "<group>"; };
		048BE3BC1BEF8E6F00B6C3B2 /* View+MASAdditions.h */ = {isa = PBXFileReference; fileEncoding = 4; lastKnownFileType = sourcecode.c.h; path = "View+MASAdditions.h"; sourceTree = "<group>"; };
		048BE3BD1BEF8E6F00B6C3B2 /* View+MASAdditions.m */ = {isa = PBXFileReference; fileEncoding = 4; lastKnownFileType = sourcecode.c.objc; path = "View+MASAdditions.m"; sourceTree = "<group>"; };
		048BE3BE1BEF8E6F00B6C3B2 /* View+MASShorthandAdditions.h */ = {isa = PBXFileReference; fileEncoding = 4; lastKnownFileType = sourcecode.c.h; path = "View+MASShorthandAdditions.h"; sourceTree = "<group>"; };
		048BE3BF1BEF8E6F00B6C3B2 /* ViewController+MASAdditions.h */ = {isa = PBXFileReference; fileEncoding = 4; lastKnownFileType = sourcecode.c.h; path = "ViewController+MASAdditions.h"; sourceTree = "<group>"; };
		048BE3C01BEF8E6F00B6C3B2 /* ViewController+MASAdditions.m */ = {isa = PBXFileReference; fileEncoding = 4; lastKnownFileType = sourcecode.c.objc; path = "ViewController+MASAdditions.m"; sourceTree = "<group>"; };
		048C5FD71BECB3A600E0273B /* 新浪微博.app */ = {isa = PBXFileReference; explicitFileType = wrapper.application; includeInIndex = 0; path = "新浪微博.app"; sourceTree = BUILT_PRODUCTS_DIR; };
		048C5FE61BECB3A600E0273B /* Assets.xcassets */ = {isa = PBXFileReference; lastKnownFileType = folder.assetcatalog; path = Assets.xcassets; sourceTree = "<group>"; };
		048C5FF01BECB3A600E0273B /* 新浪微博Tests.xctest */ = {isa = PBXFileReference; explicitFileType = wrapper.cfbundle; includeInIndex = 0; path = "新浪微博Tests.xctest"; sourceTree = BUILT_PRODUCTS_DIR; };
		048C5FF41BECB3A600E0273B /* ____Tests.m */ = {isa = PBXFileReference; lastKnownFileType = sourcecode.c.objc; path = "____Tests.m"; sourceTree = "<group>"; };
		048C5FF61BECB3A600E0273B /* Info.plist */ = {isa = PBXFileReference; lastKnownFileType = text.plist.xml; path = Info.plist; sourceTree = "<group>"; };
		048C5FFB1BECB3A600E0273B /* 新浪微博UITests.xctest */ = {isa = PBXFileReference; explicitFileType = wrapper.cfbundle; includeInIndex = 0; path = "新浪微博UITests.xctest"; sourceTree = BUILT_PRODUCTS_DIR; };
		048C5FFF1BECB3A600E0273B /* ____UITests.m */ = {isa = PBXFileReference; lastKnownFileType = sourcecode.c.objc; path = "____UITests.m"; sourceTree = "<group>"; };
		048C60011BECB3A600E0273B /* Info.plist */ = {isa = PBXFileReference; lastKnownFileType = text.plist.xml; path = Info.plist; sourceTree = "<group>"; };
		04A01FC61BF305480076CCDB /* UnreadModel.h */ = {isa = PBXFileReference; fileEncoding = 4; lastKnownFileType = sourcecode.c.h; path = UnreadModel.h; sourceTree = "<group>"; };
		04A01FC71BF305480076CCDB /* UnreadModel.m */ = {isa = PBXFileReference; fileEncoding = 4; lastKnownFileType = sourcecode.c.objc; path = UnreadModel.m; sourceTree = "<group>"; };
		04A01FC91BF3081A0076CCDB /* firstStatusCell.h */ = {isa = PBXFileReference; fileEncoding = 4; lastKnownFileType = sourcecode.c.h; path = firstStatusCell.h; sourceTree = "<group>"; };
		04A01FCA1BF3081A0076CCDB /* firstStatusCell.m */ = {isa = PBXFileReference; fileEncoding = 4; lastKnownFileType = sourcecode.c.objc; path = firstStatusCell.m; sourceTree = "<group>"; };
		04A39A2C1BF458BB009E9FBC /* libSDWebImage.a */ = {isa = PBXFileReference; lastKnownFileType = archive.ar; name = libSDWebImage.a; path = "Pods/../build/Debug-iphoneos/libSDWebImage.a"; sourceTree = "<group>"; };
		04C8F5F11BF1DABE00C0D27A /* MJDictionaryCache.h */ = {isa = PBXFileReference; fileEncoding = 4; lastKnownFileType = sourcecode.c.h; path = MJDictionaryCache.h; sourceTree = "<group>"; };
		04C8F5F21BF1DABE00C0D27A /* MJDictionaryCache.m */ = {isa = PBXFileReference; fileEncoding = 4; lastKnownFileType = sourcecode.c.objc; path = MJDictionaryCache.m; sourceTree = "<group>"; };
		04C8F5F31BF1DABE00C0D27A /* MJExtension.h */ = {isa = PBXFileReference; fileEncoding = 4; lastKnownFileType = sourcecode.c.h; path = MJExtension.h; sourceTree = "<group>"; };
		04C8F5F41BF1DABE00C0D27A /* MJExtensionConst.h */ = {isa = PBXFileReference; fileEncoding = 4; lastKnownFileType = sourcecode.c.h; path = MJExtensionConst.h; sourceTree = "<group>"; };
		04C8F5F51BF1DABE00C0D27A /* MJExtensionConst.m */ = {isa = PBXFileReference; fileEncoding = 4; lastKnownFileType = sourcecode.c.objc; path = MJExtensionConst.m; sourceTree = "<group>"; };
		04C8F5F61BF1DABE00C0D27A /* MJFoundation.h */ = {isa = PBXFileReference; fileEncoding = 4; lastKnownFileType = sourcecode.c.h; path = MJFoundation.h; sourceTree = "<group>"; };
		04C8F5F71BF1DABE00C0D27A /* MJFoundation.m */ = {isa = PBXFileReference; fileEncoding = 4; lastKnownFileType = sourcecode.c.objc; path = MJFoundation.m; sourceTree = "<group>"; };
		04C8F5F81BF1DABE00C0D27A /* MJProperty.h */ = {isa = PBXFileReference; fileEncoding = 4; lastKnownFileType = sourcecode.c.h; path = MJProperty.h; sourceTree = "<group>"; };
		04C8F5F91BF1DABE00C0D27A /* MJProperty.m */ = {isa = PBXFileReference; fileEncoding = 4; lastKnownFileType = sourcecode.c.objc; path = MJProperty.m; sourceTree = "<group>"; };
		04C8F5FA1BF1DABE00C0D27A /* MJPropertyKey.h */ = {isa = PBXFileReference; fileEncoding = 4; lastKnownFileType = sourcecode.c.h; path = MJPropertyKey.h; sourceTree = "<group>"; };
		04C8F5FB1BF1DABE00C0D27A /* MJPropertyKey.m */ = {isa = PBXFileReference; fileEncoding = 4; lastKnownFileType = sourcecode.c.objc; path = MJPropertyKey.m; sourceTree = "<group>"; };
		04C8F5FC1BF1DABE00C0D27A /* MJPropertyType.h */ = {isa = PBXFileReference; fileEncoding = 4; lastKnownFileType = sourcecode.c.h; path = MJPropertyType.h; sourceTree = "<group>"; };
		04C8F5FD1BF1DABE00C0D27A /* MJPropertyType.m */ = {isa = PBXFileReference; fileEncoding = 4; lastKnownFileType = sourcecode.c.objc; path = MJPropertyType.m; sourceTree = "<group>"; };
		04C8F5FE1BF1DABE00C0D27A /* NSObject+MJClass.h */ = {isa = PBXFileReference; fileEncoding = 4; lastKnownFileType = sourcecode.c.h; path = "NSObject+MJClass.h"; sourceTree = "<group>"; };
		04C8F5FF1BF1DABE00C0D27A /* NSObject+MJClass.m */ = {isa = PBXFileReference; fileEncoding = 4; lastKnownFileType = sourcecode.c.objc; path = "NSObject+MJClass.m"; sourceTree = "<group>"; };
		04C8F6001BF1DABE00C0D27A /* NSObject+MJCoding.h */ = {isa = PBXFileReference; fileEncoding = 4; lastKnownFileType = sourcecode.c.h; path = "NSObject+MJCoding.h"; sourceTree = "<group>"; };
		04C8F6011BF1DABE00C0D27A /* NSObject+MJCoding.m */ = {isa = PBXFileReference; fileEncoding = 4; lastKnownFileType = sourcecode.c.objc; path = "NSObject+MJCoding.m"; sourceTree = "<group>"; };
		04C8F6021BF1DABE00C0D27A /* NSObject+MJKeyValue.h */ = {isa = PBXFileReference; fileEncoding = 4; lastKnownFileType = sourcecode.c.h; path = "NSObject+MJKeyValue.h"; sourceTree = "<group>"; };
		04C8F6031BF1DABE00C0D27A /* NSObject+MJKeyValue.m */ = {isa = PBXFileReference; fileEncoding = 4; lastKnownFileType = sourcecode.c.objc; path = "NSObject+MJKeyValue.m"; sourceTree = "<group>"; };
		04C8F6041BF1DABE00C0D27A /* NSObject+MJProperty.h */ = {isa = PBXFileReference; fileEncoding = 4; lastKnownFileType = sourcecode.c.h; path = "NSObject+MJProperty.h"; sourceTree = "<group>"; };
		04C8F6051BF1DABE00C0D27A /* NSObject+MJProperty.m */ = {isa = PBXFileReference; fileEncoding = 4; lastKnownFileType = sourcecode.c.objc; path = "NSObject+MJProperty.m"; sourceTree = "<group>"; };
		04C8F6061BF1DABE00C0D27A /* NSString+MJExtension.h */ = {isa = PBXFileReference; fileEncoding = 4; lastKnownFileType = sourcecode.c.h; path = "NSString+MJExtension.h"; sourceTree = "<group>"; };
		04C8F6071BF1DABE00C0D27A /* NSString+MJExtension.m */ = {isa = PBXFileReference; fileEncoding = 4; lastKnownFileType = sourcecode.c.objc; path = "NSString+MJExtension.m"; sourceTree = "<group>"; };
		04C8F6131BF1DC0100C0D27A /* UserModel.h */ = {isa = PBXFileReference; fileEncoding = 4; lastKnownFileType = sourcecode.c.h; path = UserModel.h; sourceTree = "<group>"; };
		04C8F6141BF1DC0100C0D27A /* UserModel.m */ = {isa = PBXFileReference; fileEncoding = 4; lastKnownFileType = sourcecode.c.objc; path = UserModel.m; sourceTree = "<group>"; };
		04DB80B41BF0571800DAEBED /* LoginVc.h */ = {isa = PBXFileReference; fileEncoding = 4; lastKnownFileType = sourcecode.c.h; path = LoginVc.h; sourceTree = "<group>"; };
		04DB80B51BF0571800DAEBED /* LoginVc.m */ = {isa = PBXFileReference; fileEncoding = 4; lastKnownFileType = sourcecode.c.objc; path = LoginVc.m; sourceTree = "<group>"; };
		04DB80B71BF08C6300DAEBED /* libSVProgressHUD.a */ = {isa = PBXFileReference; lastKnownFileType = archive.ar; name = libSVProgressHUD.a; path = "Pods/../build/Debug-iphoneos/libSVProgressHUD.a"; sourceTree = "<group>"; };
		04DB80CA1BF08ECB00DAEBED /* SVIndefiniteAnimatedView.h */ = {isa = PBXFileReference; fileEncoding = 4; lastKnownFileType = sourcecode.c.h; path = SVIndefiniteAnimatedView.h; sourceTree = "<group>"; };
		04DB80CB1BF08ECB00DAEBED /* SVIndefiniteAnimatedView.m */ = {isa = PBXFileReference; fileEncoding = 4; lastKnownFileType = sourcecode.c.objc; path = SVIndefiniteAnimatedView.m; sourceTree = "<group>"; };
		04DB80CC1BF08ECB00DAEBED /* SVProgressHUD-Prefix.pch */ = {isa = PBXFileReference; fileEncoding = 4; lastKnownFileType = sourcecode.c.h; path = "SVProgressHUD-Prefix.pch"; sourceTree = "<group>"; };
		04DB80CD1BF08ECB00DAEBED /* SVProgressHUD.bundle */ = {isa = PBXFileReference; lastKnownFileType = "wrapper.plug-in"; path = SVProgressHUD.bundle; sourceTree = "<group>"; };
		04DB80CE1BF08ECB00DAEBED /* SVProgressHUD.h */ = {isa = PBXFileReference; fileEncoding = 4; lastKnownFileType = sourcecode.c.h; path = SVProgressHUD.h; sourceTree = "<group>"; };
		04DB80CF1BF08ECB00DAEBED /* SVProgressHUD.m */ = {isa = PBXFileReference; fileEncoding = 4; lastKnownFileType = sourcecode.c.objc; path = SVProgressHUD.m; sourceTree = "<group>"; };
		04DB80D01BF08ECB00DAEBED /* SVRadialGradientLayer.h */ = {isa = PBXFileReference; fileEncoding = 4; lastKnownFileType = sourcecode.c.h; path = SVRadialGradientLayer.h; sourceTree = "<group>"; };
		04DB80D11BF08ECB00DAEBED /* SVRadialGradientLayer.m */ = {isa = PBXFileReference; fileEncoding = 4; lastKnownFileType = sourcecode.c.objc; path = SVRadialGradientLayer.m; sourceTree = "<group>"; };
		04DB80D71BF096D300DAEBED /* accountModel.h */ = {isa = PBXFileReference; fileEncoding = 4; lastKnownFileType = sourcecode.c.h; path = accountModel.h; sourceTree = "<group>"; };
		04DB80D81BF096D300DAEBED /* accountModel.m */ = {isa = PBXFileReference; fileEncoding = 4; lastKnownFileType = sourcecode.c.objc; path = accountModel.m; sourceTree = "<group>"; };
		04DB80DA1BF0971000DAEBED /* accountTool.h */ = {isa = PBXFileReference; fileEncoding = 4; lastKnownFileType = sourcecode.c.h; path = accountTool.h; sourceTree = "<group>"; };
		04DB80DB1BF0971000DAEBED /* accountTool.m */ = {isa = PBXFileReference; fileEncoding = 4; lastKnownFileType = sourcecode.c.objc; path = accountTool.m; sourceTree = "<group>"; };
		04DB80DE1BF0AE3000DAEBED /* MJRefresh.bundle */ = {isa = PBXFileReference; lastKnownFileType = "wrapper.plug-in"; path = MJRefresh.bundle; sourceTree = "<group>"; };
		04DB80DF1BF0AE3000DAEBED /* MJRefresh.h */ = {isa = PBXFileReference; fileEncoding = 4; lastKnownFileType = sourcecode.c.h; path = MJRefresh.h; sourceTree = "<group>"; };
		04DB80E01BF0AE3000DAEBED /* MJRefreshBaseView.h */ = {isa = PBXFileReference; fileEncoding = 4; lastKnownFileType = sourcecode.c.h; path = MJRefreshBaseView.h; sourceTree = "<group>"; };
		04DB80E11BF0AE3000DAEBED /* MJRefreshBaseView.m */ = {isa = PBXFileReference; fileEncoding = 4; lastKnownFileType = sourcecode.c.objc; path = MJRefreshBaseView.m; sourceTree = "<group>"; };
		04DB80E21BF0AE3000DAEBED /* MJRefreshConst.h */ = {isa = PBXFileReference; fileEncoding = 4; lastKnownFileType = sourcecode.c.h; path = MJRefreshConst.h; sourceTree = "<group>"; };
		04DB80E31BF0AE3000DAEBED /* MJRefreshConst.m */ = {isa = PBXFileReference; fileEncoding = 4; lastKnownFileType = sourcecode.c.objc; path = MJRefreshConst.m; sourceTree = "<group>"; };
		04DB80E41BF0AE3000DAEBED /* MJRefreshFooterView.h */ = {isa = PBXFileReference; fileEncoding = 4; lastKnownFileType = sourcecode.c.h; path = MJRefreshFooterView.h; sourceTree = "<group>"; };
		04DB80E51BF0AE3000DAEBED /* MJRefreshFooterView.m */ = {isa = PBXFileReference; fileEncoding = 4; lastKnownFileType = sourcecode.c.objc; path = MJRefreshFooterView.m; sourceTree = "<group>"; };
		04DB80E61BF0AE3000DAEBED /* MJRefreshHeaderView.h */ = {isa = PBXFileReference; fileEncoding = 4; lastKnownFileType = sourcecode.c.h; path = MJRefreshHeaderView.h; sourceTree = "<group>"; };
		04DB80E71BF0AE3000DAEBED /* MJRefreshHeaderView.m */ = {isa = PBXFileReference; fileEncoding = 4; lastKnownFileType = sourcecode.c.objc; path = MJRefreshHeaderView.m; sourceTree = "<group>"; };
		04DB80E81BF0AE3000DAEBED /* UIScrollView+MJExtension.h */ = {isa = PBXFileReference; fileEncoding = 4; lastKnownFileType = sourcecode.c.h; path = "UIScrollView+MJExtension.h"; sourceTree = "<group>"; };
		04DB80E91BF0AE3000DAEBED /* UIScrollView+MJExtension.m */ = {isa = PBXFileReference; fileEncoding = 4; lastKnownFileType = sourcecode.c.objc; path = "UIScrollView+MJExtension.m"; sourceTree = "<group>"; };
		04DB80EA1BF0AE3100DAEBED /* UIScrollView+MJRefresh.h */ = {isa = PBXFileReference; fileEncoding = 4; lastKnownFileType = sourcecode.c.h; path = "UIScrollView+MJRefresh.h"; sourceTree = "<group>"; };
		04DB80EB1BF0AE3100DAEBED /* UIScrollView+MJRefresh.m */ = {isa = PBXFileReference; fileEncoding = 4; lastKnownFileType = sourcecode.c.objc; path = "UIScrollView+MJRefresh.m"; sourceTree = "<group>"; };
		04DB80EC1BF0AE3100DAEBED /* UIView+MJExtension.h */ = {isa = PBXFileReference; fileEncoding = 4; lastKnownFileType = sourcecode.c.h; path = "UIView+MJExtension.h"; sourceTree = "<group>"; };
		04DB80ED1BF0AE3100DAEBED /* UIView+MJExtension.m */ = {isa = PBXFileReference; fileEncoding = 4; lastKnownFileType = sourcecode.c.objc; path = "UIView+MJExtension.m"; sourceTree = "<group>"; };
		04DB80F61BF0B13800DAEBED /* searchView.h */ = {isa = PBXFileReference; fileEncoding = 4; lastKnownFileType = sourcecode.c.h; path = searchView.h; sourceTree = "<group>"; };
		04DB80F71BF0B13800DAEBED /* searchView.m */ = {isa = PBXFileReference; fileEncoding = 4; lastKnownFileType = sourcecode.c.objc; path = searchView.m; sourceTree = "<group>"; };
		04DB80FA1BF0BEDB00DAEBED /* newFeatureViewController.h */ = {isa = PBXFileReference; fileEncoding = 4; lastKnownFileType = sourcecode.c.h; path = newFeatureViewController.h; sourceTree = "<group>"; };
		04DB80FB1BF0BEDB00DAEBED /* newFeatureViewController.m */ = {isa = PBXFileReference; fileEncoding = 4; lastKnownFileType = sourcecode.c.objc; path = newFeatureViewController.m; sourceTree = "<group>"; };
		2FFCA65C65190627D91AC4EB /* libPods-新浪微博UITests.a */ = {isa = PBXFileReference; explicitFileType = archive.ar; includeInIndex = 0; path = "libPods-新浪微博UITests.a"; sourceTree = BUILT_PRODUCTS_DIR; };
		4212265CE5D8016767A85ED2 /* Pods.debug.xcconfig */ = {isa = PBXFileReference; includeInIndex = 1; lastKnownFileType = text.xcconfig; name = Pods.debug.xcconfig; path = "Pods/Target Support Files/Pods/Pods.debug.xcconfig"; sourceTree = "<group>"; };
		4477D2298D63354176E78A0C /* Pods-新浪微博UITests.debug.xcconfig */ = {isa = PBXFileReference; includeInIndex = 1; lastKnownFileType = text.xcconfig; name = "Pods-新浪微博UITests.debug.xcconfig"; path = "Pods/Target Support Files/Pods-新浪微博UITests/Pods-新浪微博UITests.debug.xcconfig"; sourceTree = "<group>"; };
		5D595A12994D297DEFF78853 /* libPods-新浪微博.a */ = {isa = PBXFileReference; explicitFileType = archive.ar; includeInIndex = 0; path = "libPods-新浪微博.a"; sourceTree = BUILT_PRODUCTS_DIR; };
		619ECD1C1FF62690ACA2E613 /* Pods-新浪微博Tests.release.xcconfig */ = {isa = PBXFileReference; includeInIndex = 1; lastKnownFileType = text.xcconfig; name = "Pods-新浪微博Tests.release.xcconfig"; path = "Pods/Target Support Files/Pods-新浪微博Tests/Pods-新浪微博Tests.release.xcconfig"; sourceTree = "<group>"; };
		89BC33BDA23B8A6AB62AD15A /* libPods-新浪微博Tests.a */ = {isa = PBXFileReference; explicitFileType = archive.ar; includeInIndex = 0; path = "libPods-新浪微博Tests.a"; sourceTree = BUILT_PRODUCTS_DIR; };
		A6B8DACA9B1C76DFD647C8DA /* Pods.release.xcconfig */ = {isa = PBXFileReference; includeInIndex = 1; lastKnownFileType = text.xcconfig; name = Pods.release.xcconfig; path = "Pods/Target Support Files/Pods/Pods.release.xcconfig"; sourceTree = "<group>"; };
		DB0AE2C9547B6C9C5E75A929 /* Pods-新浪微博.release.xcconfig */ = {isa = PBXFileReference; includeInIndex = 1; lastKnownFileType = text.xcconfig; name = "Pods-新浪微博.release.xcconfig"; path = "Pods/Target Support Files/Pods-新浪微博/Pods-新浪微博.release.xcconfig"; sourceTree = "<group>"; };
		E2069B2CC802A32E9E03D8BF /* Pods-新浪微博Tests.debug.xcconfig */ = {isa = PBXFileReference; includeInIndex = 1; lastKnownFileType = text.xcconfig; name = "Pods-新浪微博Tests.debug.xcconfig"; path = "Pods/Target Support Files/Pods-新浪微博Tests/Pods-新浪微博Tests.debug.xcconfig"; sourceTree = "<group>"; };
		E680B4BE4B2B33F6BBA791DE /* libPods.a */ = {isa = PBXFileReference; explicitFileType = archive.ar; includeInIndex = 0; path = libPods.a; sourceTree = BUILT_PRODUCTS_DIR; };
		EEE5FE8A49FC22EAD05716DC /* Pods-新浪微博.debug.xcconfig */ = {isa = PBXFileReference; includeInIndex = 1; lastKnownFileType = text.xcconfig; name = "Pods-新浪微博.debug.xcconfig"; path = "Pods/Target Support Files/Pods-新浪微博/Pods-新浪微博.debug.xcconfig"; sourceTree = "<group>"; };
		F8AB10C357C146CB5A9CDA92 /* Pods-新浪微博UITests.release.xcconfig */ = {isa = PBXFileReference; includeInIndex = 1; lastKnownFileType = text.xcconfig; name = "Pods-新浪微博UITests.release.xcconfig"; path = "Pods/Target Support Files/Pods-新浪微博UITests/Pods-新浪微博UITests.release.xcconfig"; sourceTree = "<group>"; };
/* End PBXFileReference section */

/* Begin PBXFrameworksBuildPhase section */
		048C5FD41BECB3A600E0273B /* Frameworks */ = {
			isa = PBXFrameworksBuildPhase;
			buildActionMask = 2147483647;
			files = (
				04A39A2D1BF458BB009E9FBC /* libSDWebImage.a in Frameworks */,
				0EBCAAD4A4FE8AEAFB85B9EF /* libPods.a in Frameworks */,
				7EB951A6A5FABBD15D1AF26A /* libPods-新浪微博.a in Frameworks */,
			);
			runOnlyForDeploymentPostprocessing = 0;
		};
		048C5FED1BECB3A600E0273B /* Frameworks */ = {
			isa = PBXFrameworksBuildPhase;
			buildActionMask = 2147483647;
			files = (
				8F4BB8C069110A6A4F879608 /* libPods-新浪微博Tests.a in Frameworks */,
			);
			runOnlyForDeploymentPostprocessing = 0;
		};
		048C5FF81BECB3A600E0273B /* Frameworks */ = {
			isa = PBXFrameworksBuildPhase;
			buildActionMask = 2147483647;
			files = (
				98C519FA6C1FB0C481FA181F /* libPods-新浪微博UITests.a in Frameworks */,
			);
			runOnlyForDeploymentPostprocessing = 0;
		};
/* End PBXFrameworksBuildPhase section */

/* Begin PBXGroup section */
		0400BF191BF43E24000DB520 /* user */ = {
			isa = PBXGroup;
			children = (
				04C8F6131BF1DC0100C0D27A /* UserModel.h */,
				04C8F6141BF1DC0100C0D27A /* UserModel.m */,
				0400BF1A1BF43E4D000DB520 /* UserTool.h */,
				0400BF1B1BF43E4D000DB520 /* UserTool.m */,
			);
			name = user;
			sourceTree = "<group>";
		};
		042353AF1BEF7E1E00AEFE91 /* other */ = {
			isa = PBXGroup;
			children = (
				042353DA1BEF867D00AEFE91 /* Info.plist */,
				042353D81BEF866E00AEFE91 /* main.m */,
				042353B01BEF7E1E00AEFE91 /* AppDelegate.h */,
				042353B11BEF7E1E00AEFE91 /* AppDelegate.m */,
			);
			path = other;
			sourceTree = "<group>";
		};
		042353B71BEF7E6300AEFE91 /* models */ = {
			isa = PBXGroup;
			children = (
				0400BF191BF43E24000DB520 /* user */,
				047B3E4D1BF1E2EB0021E64D /* statusModel.h */,
				047B3E4E1BF1E2EB0021E64D /* statusModel.m */,
				04A01FC61BF305480076CCDB /* UnreadModel.h */,
				04A01FC71BF305480076CCDB /* UnreadModel.m */,
			);
			path = models;
			sourceTree = "<group>";
		};
		042353B81BEF7E6E00AEFE91 /* views */ = {
			isa = PBXGroup;
			children = (
				04A01FC91BF3081A0076CCDB /* firstStatusCell.h */,
				04A01FCA1BF3081A0076CCDB /* firstStatusCell.m */,
			);
			path = views;
			sourceTree = "<group>";
		};
		042353B91BEF7E7400AEFE91 /* controllers */ = {
			isa = PBXGroup;
			children = (
				042353C11BEF7FCB00AEFE91 /* me */,
				042353C01BEF7FC200AEFE91 /* discover */,
				042353BF1BEF7FB800AEFE91 /* message */,
				042353BE1BEF7FAE00AEFE91 /* first */,
			);
			path = controllers;
			sourceTree = "<group>";
		};
		042353BA1BEF7E8500AEFE91 /* main */ = {
			isa = PBXGroup;
			children = (
				04DB80F91BF0BD8900DAEBED /* newFeacure */,
				042353BB1BEF7EC700AEFE91 /* MytabBarCon.h */,
				042353BC1BEF7EC700AEFE91 /* MytabBarCon.m */,
				042353CE1BEF807100AEFE91 /* navCon.h */,
				042353CF1BEF807100AEFE91 /* navCon.m */,
				042353D11BEF81F600AEFE91 /* MytabBar.h */,
				042353D21BEF81F600AEFE91 /* MytabBar.m */,
				0478A2641BEF41F400884176 /* vistorTableViewController.h */,
				0478A2651BEF41F400884176 /* vistorTableViewController.m */,
				0478A2671BEF425C00884176 /* vistorVIew.h */,
				0478A2681BEF425C00884176 /* vistorVIew.m */,
				04DB80B41BF0571800DAEBED /* LoginVc.h */,
				04DB80B51BF0571800DAEBED /* LoginVc.m */,
				0400BF161BF435BD000DB520 /* WelcomeViewController.h */,
				0400BF171BF435BD000DB520 /* WelcomeViewController.m */,
				04DB80D61BF096B200DAEBED /* account */,
			);
			path = main;
			sourceTree = "<group>";
		};
		042353BE1BEF7FAE00AEFE91 /* first */ = {
			isa = PBXGroup;
			children = (
				042353CB1BEF801700AEFE91 /* firstTableViewController.h */,
				042353CC1BEF801700AEFE91 /* firstTableViewController.m */,
			);
			name = first;
			sourceTree = "<group>";
		};
		042353BF1BEF7FB800AEFE91 /* message */ = {
			isa = PBXGroup;
			children = (
				042353C81BEF800D00AEFE91 /* messageTableViewController.h */,
				042353C91BEF800D00AEFE91 /* messageTableViewController.m */,
			);
			name = message;
			sourceTree = "<group>";
		};
		042353C01BEF7FC200AEFE91 /* discover */ = {
			isa = PBXGroup;
			children = (
				042353C51BEF800100AEFE91 /* discoverTableViewController.h */,
				042353C61BEF800100AEFE91 /* discoverTableViewController.m */,
				04DB80F61BF0B13800DAEBED /* searchView.h */,
				04DB80F71BF0B13800DAEBED /* searchView.m */,
			);
			name = discover;
			sourceTree = "<group>";
		};
		042353C11BEF7FCB00AEFE91 /* me */ = {
			isa = PBXGroup;
			children = (
				042353C21BEF7FF300AEFE91 /* meTableViewController.h */,
				042353C31BEF7FF300AEFE91 /* meTableViewController.m */,
			);
			name = me;
			sourceTree = "<group>";
		};
		043044071BEF864D002300CF /* venders */ = {
			isa = PBXGroup;
			children = (
				04C8F5F01BF1DABE00C0D27A /* MJExtension */,
				04DB80DD1BF0AE3000DAEBED /* MJRefresh */,
				04DB80C91BF08ECB00DAEBED /* SVProgressHUD */,
				048BE3A61BEF8E6F00B6C3B2 /* Masonry */,
			);
			name = venders;
			sourceTree = "<group>";
		};
		048BE3A61BEF8E6F00B6C3B2 /* Masonry */ = {
			isa = PBXGroup;
			children = (
				048BE3A81BEF8E6F00B6C3B2 /* MASCompositeConstraint.h */,
				048BE3A91BEF8E6F00B6C3B2 /* MASCompositeConstraint.m */,
				048BE3AA1BEF8E6F00B6C3B2 /* MASConstraint+Private.h */,
				048BE3AB1BEF8E6F00B6C3B2 /* MASConstraint.h */,
				048BE3AC1BEF8E6F00B6C3B2 /* MASConstraint.m */,
				048BE3AD1BEF8E6F00B6C3B2 /* MASConstraintMaker.h */,
				048BE3AE1BEF8E6F00B6C3B2 /* MASConstraintMaker.m */,
				048BE3AF1BEF8E6F00B6C3B2 /* MASLayoutConstraint.h */,
				048BE3B01BEF8E6F00B6C3B2 /* MASLayoutConstraint.m */,
				048BE3B11BEF8E6F00B6C3B2 /* Masonry.h */,
				048BE3B21BEF8E6F00B6C3B2 /* MASUtilities.h */,
				048BE3B31BEF8E6F00B6C3B2 /* MASViewAttribute.h */,
				048BE3B41BEF8E6F00B6C3B2 /* MASViewAttribute.m */,
				048BE3B51BEF8E6F00B6C3B2 /* MASViewConstraint.h */,
				048BE3B61BEF8E6F00B6C3B2 /* MASViewConstraint.m */,
				048BE3B71BEF8E6F00B6C3B2 /* NSArray+MASAdditions.h */,
				048BE3B81BEF8E6F00B6C3B2 /* NSArray+MASAdditions.m */,
				048BE3B91BEF8E6F00B6C3B2 /* NSArray+MASShorthandAdditions.h */,
				048BE3BA1BEF8E6F00B6C3B2 /* NSLayoutConstraint+MASDebugAdditions.h */,
				048BE3BB1BEF8E6F00B6C3B2 /* NSLayoutConstraint+MASDebugAdditions.m */,
				048BE3BC1BEF8E6F00B6C3B2 /* View+MASAdditions.h */,
				048BE3BD1BEF8E6F00B6C3B2 /* View+MASAdditions.m */,
				048BE3BE1BEF8E6F00B6C3B2 /* View+MASShorthandAdditions.h */,
				048BE3BF1BEF8E6F00B6C3B2 /* ViewController+MASAdditions.h */,
				048BE3C01BEF8E6F00B6C3B2 /* ViewController+MASAdditions.m */,
			);
			path = Masonry;
			sourceTree = "<group>";
		};
		048C5FCE1BECB3A600E0273B = {
			isa = PBXGroup;
			children = (
				048C5FD91BECB3A600E0273B /* 新浪微博 */,
				048C5FF31BECB3A600E0273B /* 新浪微博Tests */,
				048C5FFE1BECB3A600E0273B /* 新浪微博UITests */,
				048C5FD81BECB3A600E0273B /* Products */,
				04BF8E16F479D15863C2BC9F /* Pods */,
				5F79D143E1A72C026813447D /* Frameworks */,
			);
			sourceTree = "<group>";
		};
		048C5FD81BECB3A600E0273B /* Products */ = {
			isa = PBXGroup;
			children = (
				048C5FD71BECB3A600E0273B /* 新浪微博.app */,
				048C5FF01BECB3A600E0273B /* 新浪微博Tests.xctest */,
				048C5FFB1BECB3A600E0273B /* 新浪微博UITests.xctest */,
			);
			name = Products;
			sourceTree = "<group>";
		};
		048C5FD91BECB3A600E0273B /* 新浪微博 */ = {
			isa = PBXGroup;
			children = (
				043044071BEF864D002300CF /* venders */,
				042353BA1BEF7E8500AEFE91 /* main */,
				042353B91BEF7E7400AEFE91 /* controllers */,
				042353B81BEF7E6E00AEFE91 /* views */,
				042353B71BEF7E6300AEFE91 /* models */,
				042353AF1BEF7E1E00AEFE91 /* other */,
				048C5FDA1BECB3A600E0273B /* Supporting Files */,
			);
			path = "新浪微博";
			sourceTree = "<group>";
		};
		048C5FDA1BECB3A600E0273B /* Supporting Files */ = {
			isa = PBXGroup;
			children = (
				047B3E4B1BF1E1FA0021E64D /* Foundation+Log.m */,
				048C5FE61BECB3A600E0273B /* Assets.xcassets */,
			);
			name = "Supporting Files";
			sourceTree = "<group>";
		};
		048C5FF31BECB3A600E0273B /* 新浪微博Tests */ = {
			isa = PBXGroup;
			children = (
				048C5FF41BECB3A600E0273B /* ____Tests.m */,
				048C5FF61BECB3A600E0273B /* Info.plist */,
			);
			path = "新浪微博Tests";
			sourceTree = "<group>";
		};
		048C5FFE1BECB3A600E0273B /* 新浪微博UITests */ = {
			isa = PBXGroup;
			children = (
				048C5FFF1BECB3A600E0273B /* ____UITests.m */,
				048C60011BECB3A600E0273B /* Info.plist */,
			);
			path = "新浪微博UITests";
			sourceTree = "<group>";
		};
		04BF8E16F479D15863C2BC9F /* Pods */ = {
			isa = PBXGroup;
			children = (
				4212265CE5D8016767A85ED2 /* Pods.debug.xcconfig */,
				A6B8DACA9B1C76DFD647C8DA /* Pods.release.xcconfig */,
				EEE5FE8A49FC22EAD05716DC /* Pods-新浪微博.debug.xcconfig */,
				DB0AE2C9547B6C9C5E75A929 /* Pods-新浪微博.release.xcconfig */,
				E2069B2CC802A32E9E03D8BF /* Pods-新浪微博Tests.debug.xcconfig */,
				619ECD1C1FF62690ACA2E613 /* Pods-新浪微博Tests.release.xcconfig */,
				4477D2298D63354176E78A0C /* Pods-新浪微博UITests.debug.xcconfig */,
				F8AB10C357C146CB5A9CDA92 /* Pods-新浪微博UITests.release.xcconfig */,
			);
			name = Pods;
			sourceTree = "<group>";
		};
		04C8F5F01BF1DABE00C0D27A /* MJExtension */ = {
			isa = PBXGroup;
			children = (
				04C8F5F11BF1DABE00C0D27A /* MJDictionaryCache.h */,
				04C8F5F21BF1DABE00C0D27A /* MJDictionaryCache.m */,
				04C8F5F31BF1DABE00C0D27A /* MJExtension.h */,
				04C8F5F41BF1DABE00C0D27A /* MJExtensionConst.h */,
				04C8F5F51BF1DABE00C0D27A /* MJExtensionConst.m */,
				04C8F5F61BF1DABE00C0D27A /* MJFoundation.h */,
				04C8F5F71BF1DABE00C0D27A /* MJFoundation.m */,
				04C8F5F81BF1DABE00C0D27A /* MJProperty.h */,
				04C8F5F91BF1DABE00C0D27A /* MJProperty.m */,
				04C8F5FA1BF1DABE00C0D27A /* MJPropertyKey.h */,
				04C8F5FB1BF1DABE00C0D27A /* MJPropertyKey.m */,
				04C8F5FC1BF1DABE00C0D27A /* MJPropertyType.h */,
				04C8F5FD1BF1DABE00C0D27A /* MJPropertyType.m */,
				04C8F5FE1BF1DABE00C0D27A /* NSObject+MJClass.h */,
				04C8F5FF1BF1DABE00C0D27A /* NSObject+MJClass.m */,
				04C8F6001BF1DABE00C0D27A /* NSObject+MJCoding.h */,
				04C8F6011BF1DABE00C0D27A /* NSObject+MJCoding.m */,
				04C8F6021BF1DABE00C0D27A /* NSObject+MJKeyValue.h */,
				04C8F6031BF1DABE00C0D27A /* NSObject+MJKeyValue.m */,
				04C8F6041BF1DABE00C0D27A /* NSObject+MJProperty.h */,
				04C8F6051BF1DABE00C0D27A /* NSObject+MJProperty.m */,
				04C8F6061BF1DABE00C0D27A /* NSString+MJExtension.h */,
				04C8F6071BF1DABE00C0D27A /* NSString+MJExtension.m */,
			);
			path = MJExtension;
			sourceTree = "<group>";
		};
		04DB80C91BF08ECB00DAEBED /* SVProgressHUD */ = {
			isa = PBXGroup;
			children = (
				04DB80CA1BF08ECB00DAEBED /* SVIndefiniteAnimatedView.h */,
				04DB80CB1BF08ECB00DAEBED /* SVIndefiniteAnimatedView.m */,
				04DB80CC1BF08ECB00DAEBED /* SVProgressHUD-Prefix.pch */,
				04DB80CD1BF08ECB00DAEBED /* SVProgressHUD.bundle */,
				04DB80CE1BF08ECB00DAEBED /* SVProgressHUD.h */,
				04DB80CF1BF08ECB00DAEBED /* SVProgressHUD.m */,
				04DB80D01BF08ECB00DAEBED /* SVRadialGradientLayer.h */,
				04DB80D11BF08ECB00DAEBED /* SVRadialGradientLayer.m */,
			);
			path = SVProgressHUD;
			sourceTree = "<group>";
		};
		04DB80D61BF096B200DAEBED /* account */ = {
			isa = PBXGroup;
			children = (
				04DB80D71BF096D300DAEBED /* accountModel.h */,
				04DB80D81BF096D300DAEBED /* accountModel.m */,
				04DB80DA1BF0971000DAEBED /* accountTool.h */,
				04DB80DB1BF0971000DAEBED /* accountTool.m */,
			);
			name = account;
			sourceTree = "<group>";
		};
		04DB80DD1BF0AE3000DAEBED /* MJRefresh */ = {
			isa = PBXGroup;
			children = (
				04DB80DE1BF0AE3000DAEBED /* MJRefresh.bundle */,
				04DB80DF1BF0AE3000DAEBED /* MJRefresh.h */,
				04DB80E01BF0AE3000DAEBED /* MJRefreshBaseView.h */,
				04DB80E11BF0AE3000DAEBED /* MJRefreshBaseView.m */,
				04DB80E21BF0AE3000DAEBED /* MJRefreshConst.h */,
				04DB80E31BF0AE3000DAEBED /* MJRefreshConst.m */,
				04DB80E41BF0AE3000DAEBED /* MJRefreshFooterView.h */,
				04DB80E51BF0AE3000DAEBED /* MJRefreshFooterView.m */,
				04DB80E61BF0AE3000DAEBED /* MJRefreshHeaderView.h */,
				04DB80E71BF0AE3000DAEBED /* MJRefreshHeaderView.m */,
				04DB80E81BF0AE3000DAEBED /* UIScrollView+MJExtension.h */,
				04DB80E91BF0AE3000DAEBED /* UIScrollView+MJExtension.m */,
				04DB80EA1BF0AE3100DAEBED /* UIScrollView+MJRefresh.h */,
				04DB80EB1BF0AE3100DAEBED /* UIScrollView+MJRefresh.m */,
				04DB80EC1BF0AE3100DAEBED /* UIView+MJExtension.h */,
				04DB80ED1BF0AE3100DAEBED /* UIView+MJExtension.m */,
			);
			path = MJRefresh;
			sourceTree = "<group>";
		};
		04DB80F91BF0BD8900DAEBED /* newFeacure */ = {
			isa = PBXGroup;
			children = (
				04DB80FA1BF0BEDB00DAEBED /* newFeatureViewController.h */,
				04DB80FB1BF0BEDB00DAEBED /* newFeatureViewController.m */,
			);
			path = newFeacure;
			sourceTree = "<group>";
		};
		5F79D143E1A72C026813447D /* Frameworks */ = {
			isa = PBXGroup;
			children = (
				04A39A2C1BF458BB009E9FBC /* libSDWebImage.a */,
				04DB80B71BF08C6300DAEBED /* libSVProgressHUD.a */,
				E680B4BE4B2B33F6BBA791DE /* libPods.a */,
				5D595A12994D297DEFF78853 /* libPods-新浪微博.a */,
				89BC33BDA23B8A6AB62AD15A /* libPods-新浪微博Tests.a */,
				2FFCA65C65190627D91AC4EB /* libPods-新浪微博UITests.a */,
			);
			name = Frameworks;
			sourceTree = "<group>";
		};
/* End PBXGroup section */

/* Begin PBXNativeTarget section */
		048C5FD61BECB3A600E0273B /* 新浪微博 */ = {
			isa = PBXNativeTarget;
			buildConfigurationList = 048C60041BECB3A600E0273B /* Build configuration list for PBXNativeTarget "新浪微博" */;
			buildPhases = (
				2EF0DFE9E078246304ED617C /* Check Pods Manifest.lock */,
				048C5FD31BECB3A600E0273B /* Sources */,
				048C5FD41BECB3A600E0273B /* Frameworks */,
				048C5FD51BECB3A600E0273B /* Resources */,
				630AF82479BDEC05C65836F8 /* Embed Pods Frameworks */,
				AC60BD204C9902A64ABF40A1 /* Copy Pods Resources */,
			);
			buildRules = (
			);
			dependencies = (
			);
			name = "新浪微博";
			productName = "新浪微博";
			productReference = 048C5FD71BECB3A600E0273B /* 新浪微博.app */;
			productType = "com.apple.product-type.application";
		};
		048C5FEF1BECB3A600E0273B /* 新浪微博Tests */ = {
			isa = PBXNativeTarget;
			buildConfigurationList = 048C60071BECB3A600E0273B /* Build configuration list for PBXNativeTarget "新浪微博Tests" */;
			buildPhases = (
				284EFA02819208E3828FA938 /* Check Pods Manifest.lock */,
				048C5FEC1BECB3A600E0273B /* Sources */,
				048C5FED1BECB3A600E0273B /* Frameworks */,
				048C5FEE1BECB3A600E0273B /* Resources */,
				63D3713C6845E56AEA1E5683 /* Embed Pods Frameworks */,
				234CF39E881F4C285A1B6F7E /* Copy Pods Resources */,
			);
			buildRules = (
			);
			dependencies = (
				048C5FF21BECB3A600E0273B /* PBXTargetDependency */,
			);
			name = "新浪微博Tests";
			productName = "新浪微博Tests";
			productReference = 048C5FF01BECB3A600E0273B /* 新浪微博Tests.xctest */;
			productType = "com.apple.product-type.bundle.unit-test";
		};
		048C5FFA1BECB3A600E0273B /* 新浪微博UITests */ = {
			isa = PBXNativeTarget;
			buildConfigurationList = 048C600A1BECB3A600E0273B /* Build configuration list for PBXNativeTarget "新浪微博UITests" */;
			buildPhases = (
				5B0570AFD08712AFBFBB22FF /* Check Pods Manifest.lock */,
				048C5FF71BECB3A600E0273B /* Sources */,
				048C5FF81BECB3A600E0273B /* Frameworks */,
				048C5FF91BECB3A600E0273B /* Resources */,
				65B1D18E55B3E37A75F87912 /* Copy Pods Resources */,
			);
			buildRules = (
			);
			dependencies = (
				048C5FFD1BECB3A600E0273B /* PBXTargetDependency */,
			);
			name = "新浪微博UITests";
			productName = "新浪微博UITests";
			productReference = 048C5FFB1BECB3A600E0273B /* 新浪微博UITests.xctest */;
			productType = "com.apple.product-type.bundle.ui-testing";
		};
/* End PBXNativeTarget section */

/* Begin PBXProject section */
		048C5FCF1BECB3A600E0273B /* Project object */ = {
			isa = PBXProject;
			attributes = {
				LastUpgradeCheck = 0700;
				ORGANIZATIONNAME = miaoyi;
				TargetAttributes = {
					048C5FD61BECB3A600E0273B = {
						CreatedOnToolsVersion = 7.0;
						DevelopmentTeam = 458RGAACTR;
					};
					048C5FEF1BECB3A600E0273B = {
						CreatedOnToolsVersion = 7.0;
						DevelopmentTeam = 458RGAACTR;
						TestTargetID = 048C5FD61BECB3A600E0273B;
					};
					048C5FFA1BECB3A600E0273B = {
						CreatedOnToolsVersion = 7.0;
						DevelopmentTeam = 458RGAACTR;
						TestTargetID = 048C5FD61BECB3A600E0273B;
					};
				};
			};
			buildConfigurationList = 048C5FD21BECB3A600E0273B /* Build configuration list for PBXProject "新浪微博" */;
			compatibilityVersion = "Xcode 3.2";
			developmentRegion = English;
			hasScannedForEncodings = 0;
			knownRegions = (
				en,
				Base,
			);
			mainGroup = 048C5FCE1BECB3A600E0273B;
			productRefGroup = 048C5FD81BECB3A600E0273B /* Products */;
			projectDirPath = "";
			projectRoot = "";
			targets = (
				048C5FD61BECB3A600E0273B /* 新浪微博 */,
				048C5FEF1BECB3A600E0273B /* 新浪微博Tests */,
				048C5FFA1BECB3A600E0273B /* 新浪微博UITests */,
			);
		};
/* End PBXProject section */

/* Begin PBXResourcesBuildPhase section */
		048C5FD51BECB3A600E0273B /* Resources */ = {
			isa = PBXResourcesBuildPhase;
			buildActionMask = 2147483647;
			files = (
				042353DB1BEF867D00AEFE91 /* Info.plist in Resources */,
				04DB80D31BF08ECB00DAEBED /* SVProgressHUD.bundle in Resources */,
				04DB80EE1BF0AE3100DAEBED /* MJRefresh.bundle in Resources */,
				048C5FE71BECB3A600E0273B /* Assets.xcassets in Resources */,
			);
			runOnlyForDeploymentPostprocessing = 0;
		};
		048C5FEE1BECB3A600E0273B /* Resources */ = {
			isa = PBXResourcesBuildPhase;
			buildActionMask = 2147483647;
			files = (
			);
			runOnlyForDeploymentPostprocessing = 0;
		};
		048C5FF91BECB3A600E0273B /* Resources */ = {
			isa = PBXResourcesBuildPhase;
			buildActionMask = 2147483647;
			files = (
			);
			runOnlyForDeploymentPostprocessing = 0;
		};
/* End PBXResourcesBuildPhase section */

/* Begin PBXShellScriptBuildPhase section */
		234CF39E881F4C285A1B6F7E /* Copy Pods Resources */ = {
			isa = PBXShellScriptBuildPhase;
			buildActionMask = 2147483647;
			files = (
			);
			inputPaths = (
			);
			name = "Copy Pods Resources";
			outputPaths = (
			);
			runOnlyForDeploymentPostprocessing = 0;
			shellPath = /bin/sh;
			shellScript = "\"${SRCROOT}/Pods/Target Support Files/Pods-新浪微博Tests/Pods-新浪微博Tests-resources.sh\"\n";
			showEnvVarsInLog = 0;
		};
		284EFA02819208E3828FA938 /* Check Pods Manifest.lock */ = {
			isa = PBXShellScriptBuildPhase;
			buildActionMask = 2147483647;
			files = (
			);
			inputPaths = (
			);
			name = "Check Pods Manifest.lock";
			outputPaths = (
			);
			runOnlyForDeploymentPostprocessing = 0;
			shellPath = /bin/sh;
			shellScript = "diff \"${PODS_ROOT}/../Podfile.lock\" \"${PODS_ROOT}/Manifest.lock\" > /dev/null\nif [[ $? != 0 ]] ; then\n    cat << EOM\nerror: The sandbox is not in sync with the Podfile.lock. Run 'pod install' or update your CocoaPods installation.\nEOM\n    exit 1\nfi\n";
			showEnvVarsInLog = 0;
		};
		2EF0DFE9E078246304ED617C /* Check Pods Manifest.lock */ = {
			isa = PBXShellScriptBuildPhase;
			buildActionMask = 2147483647;
			files = (
			);
			inputPaths = (
			);
			name = "Check Pods Manifest.lock";
			outputPaths = (
			);
			runOnlyForDeploymentPostprocessing = 0;
			shellPath = /bin/sh;
			shellScript = "diff \"${PODS_ROOT}/../Podfile.lock\" \"${PODS_ROOT}/Manifest.lock\" > /dev/null\nif [[ $? != 0 ]] ; then\n    cat << EOM\nerror: The sandbox is not in sync with the Podfile.lock. Run 'pod install' or update your CocoaPods installation.\nEOM\n    exit 1\nfi\n";
			showEnvVarsInLog = 0;
		};
		5B0570AFD08712AFBFBB22FF /* Check Pods Manifest.lock */ = {
			isa = PBXShellScriptBuildPhase;
			buildActionMask = 2147483647;
			files = (
			);
			inputPaths = (
			);
			name = "Check Pods Manifest.lock";
			outputPaths = (
			);
			runOnlyForDeploymentPostprocessing = 0;
			shellPath = /bin/sh;
			shellScript = "diff \"${PODS_ROOT}/../Podfile.lock\" \"${PODS_ROOT}/Manifest.lock\" > /dev/null\nif [[ $? != 0 ]] ; then\n    cat << EOM\nerror: The sandbox is not in sync with the Podfile.lock. Run 'pod install' or update your CocoaPods installation.\nEOM\n    exit 1\nfi\n";
			showEnvVarsInLog = 0;
		};
		630AF82479BDEC05C65836F8 /* Embed Pods Frameworks */ = {
			isa = PBXShellScriptBuildPhase;
			buildActionMask = 2147483647;
			files = (
			);
			inputPaths = (
			);
			name = "Embed Pods Frameworks";
			outputPaths = (
			);
			runOnlyForDeploymentPostprocessing = 0;
			shellPath = /bin/sh;
			shellScript = "\"${SRCROOT}/Pods/Target Support Files/Pods-新浪微博/Pods-新浪微博-frameworks.sh\"\n";
			showEnvVarsInLog = 0;
		};
		63D3713C6845E56AEA1E5683 /* Embed Pods Frameworks */ = {
			isa = PBXShellScriptBuildPhase;
			buildActionMask = 2147483647;
			files = (
			);
			inputPaths = (
			);
			name = "Embed Pods Frameworks";
			outputPaths = (
			);
			runOnlyForDeploymentPostprocessing = 0;
			shellPath = /bin/sh;
			shellScript = "\"${SRCROOT}/Pods/Target Support Files/Pods-新浪微博Tests/Pods-新浪微博Tests-frameworks.sh\"\n";
			showEnvVarsInLog = 0;
		};
		65B1D18E55B3E37A75F87912 /* Copy Pods Resources */ = {
			isa = PBXShellScriptBuildPhase;
			buildActionMask = 2147483647;
			files = (
			);
			inputPaths = (
			);
			name = "Copy Pods Resources";
			outputPaths = (
			);
			runOnlyForDeploymentPostprocessing = 0;
			shellPath = /bin/sh;
			shellScript = "\"${SRCROOT}/Pods/Target Support Files/Pods-新浪微博UITests/Pods-新浪微博UITests-resources.sh\"\n";
			showEnvVarsInLog = 0;
		};
		AC60BD204C9902A64ABF40A1 /* Copy Pods Resources */ = {
			isa = PBXShellScriptBuildPhase;
			buildActionMask = 2147483647;
			files = (
			);
			inputPaths = (
			);
			name = "Copy Pods Resources";
			outputPaths = (
			);
			runOnlyForDeploymentPostprocessing = 0;
			shellPath = /bin/sh;
			shellScript = "\"${SRCROOT}/Pods/Target Support Files/Pods-新浪微博/Pods-新浪微博-resources.sh\"\n";
			showEnvVarsInLog = 0;
		};
/* End PBXShellScriptBuildPhase section */

/* Begin PBXSourcesBuildPhase section */
		048C5FD31BECB3A600E0273B /* Sources */ = {
			isa = PBXSourcesBuildPhase;
			buildActionMask = 2147483647;
			files = (
				042353D01BEF807100AEFE91 /* navCon.m in Sources */,
				042353D31BEF81F600AEFE91 /* MytabBar.m in Sources */,
				0478A2661BEF41F400884176 /* vistorTableViewController.m in Sources */,
				04C8F60B1BF1DABE00C0D27A /* MJProperty.m in Sources */,
				0478A2691BEF425C00884176 /* vistorVIew.m in Sources */,
				04DB80B61BF0571800DAEBED /* LoginVc.m in Sources */,
				04DB80F21BF0AE3100DAEBED /* MJRefreshHeaderView.m in Sources */,
				04C8F60E1BF1DABE00C0D27A /* NSObject+MJClass.m in Sources */,
				04C8F6081BF1DABE00C0D27A /* MJDictionaryCache.m in Sources */,
				04C8F6121BF1DABE00C0D27A /* NSString+MJExtension.m in Sources */,
				048BE3C21BEF8E6F00B6C3B2 /* MASCompositeConstraint.m in Sources */,
				042353B41BEF7E1E00AEFE91 /* AppDelegate.m in Sources */,
				048BE3C71BEF8E6F00B6C3B2 /* MASViewConstraint.m in Sources */,
				047B3E4F1BF1E2EB0021E64D /* statusModel.m in Sources */,
				0400BF1C1BF43E4D000DB520 /* UserTool.m in Sources */,
				04C8F6091BF1DABE00C0D27A /* MJExtensionConst.m in Sources */,
				04C8F6101BF1DABE00C0D27A /* NSObject+MJKeyValue.m in Sources */,
				04A01FCB1BF3081A0076CCDB /* firstStatusCell.m in Sources */,
				047B3E4C1BF1E1FA0021E64D /* Foundation+Log.m in Sources */,
				042353BD1BEF7EC700AEFE91 /* MytabBarCon.m in Sources */,
				04DB80D51BF08ECB00DAEBED /* SVRadialGradientLayer.m in Sources */,
				04DB80EF1BF0AE3100DAEBED /* MJRefreshBaseView.m in Sources */,
				048BE3CA1BEF8E6F00B6C3B2 /* View+MASAdditions.m in Sources */,
				04DB80F51BF0AE3100DAEBED /* UIView+MJExtension.m in Sources */,
				04DB80F11BF0AE3100DAEBED /* MJRefreshFooterView.m in Sources */,
				048BE3C91BEF8E6F00B6C3B2 /* NSLayoutConstraint+MASDebugAdditions.m in Sources */,
				048BE3C51BEF8E6F00B6C3B2 /* MASLayoutConstraint.m in Sources */,
				048BE3CB1BEF8E6F00B6C3B2 /* ViewController+MASAdditions.m in Sources */,
				048BE3C41BEF8E6F00B6C3B2 /* MASConstraintMaker.m in Sources */,
				0400BF181BF435BD000DB520 /* WelcomeViewController.m in Sources */,
				042353CA1BEF800D00AEFE91 /* messageTableViewController.m in Sources */,
				042353CD1BEF801700AEFE91 /* firstTableViewController.m in Sources */,
				042353C71BEF800100AEFE91 /* discoverTableViewController.m in Sources */,
				04DB80D41BF08ECB00DAEBED /* SVProgressHUD.m in Sources */,
				04DB80F81BF0B13800DAEBED /* searchView.m in Sources */,
				04C8F60F1BF1DABE00C0D27A /* NSObject+MJCoding.m in Sources */,
				04DB80F01BF0AE3100DAEBED /* MJRefreshConst.m in Sources */,
				04DB80F41BF0AE3100DAEBED /* UIScrollView+MJRefresh.m in Sources */,
				04DB80FC1BF0BEDB00DAEBED /* newFeatureViewController.m in Sources */,
				042353D91BEF866E00AEFE91 /* main.m in Sources */,
				04DB80D21BF08ECB00DAEBED /* SVIndefiniteAnimatedView.m in Sources */,
				048BE3C81BEF8E6F00B6C3B2 /* NSArray+MASAdditions.m in Sources */,
				04C8F60D1BF1DABE00C0D27A /* MJPropertyType.m in Sources */,
				04C8F6151BF1DC0100C0D27A /* UserModel.m in Sources */,
				04DB80DC1BF0971000DAEBED /* accountTool.m in Sources */,
				04C8F60A1BF1DABE00C0D27A /* MJFoundation.m in Sources */,
				04A01FC81BF305480076CCDB /* UnreadModel.m in Sources */,
				048BE3C61BEF8E6F00B6C3B2 /* MASViewAttribute.m in Sources */,
				04DB80F31BF0AE3100DAEBED /* UIScrollView+MJExtension.m in Sources */,
				04C8F6111BF1DABE00C0D27A /* NSObject+MJProperty.m in Sources */,
				04C8F60C1BF1DABE00C0D27A /* MJPropertyKey.m in Sources */,
				042353C41BEF7FF300AEFE91 /* meTableViewController.m in Sources */,
				048BE3C31BEF8E6F00B6C3B2 /* MASConstraint.m in Sources */,
				04DB80D91BF096D300DAEBED /* accountModel.m in Sources */,
			);
			runOnlyForDeploymentPostprocessing = 0;
		};
		048C5FEC1BECB3A600E0273B /* Sources */ = {
			isa = PBXSourcesBuildPhase;
			buildActionMask = 2147483647;
			files = (
				048C5FF51BECB3A600E0273B /* ____Tests.m in Sources */,
			);
			runOnlyForDeploymentPostprocessing = 0;
		};
		048C5FF71BECB3A600E0273B /* Sources */ = {
			isa = PBXSourcesBuildPhase;
			buildActionMask = 2147483647;
			files = (
				048C60001BECB3A600E0273B /* ____UITests.m in Sources */,
			);
			runOnlyForDeploymentPostprocessing = 0;
		};
/* End PBXSourcesBuildPhase section */

/* Begin PBXTargetDependency section */
		048C5FF21BECB3A600E0273B /* PBXTargetDependency */ = {
			isa = PBXTargetDependency;
			target = 048C5FD61BECB3A600E0273B /* 新浪微博 */;
			targetProxy = 048C5FF11BECB3A600E0273B /* PBXContainerItemProxy */;
		};
		048C5FFD1BECB3A600E0273B /* PBXTargetDependency */ = {
			isa = PBXTargetDependency;
			target = 048C5FD61BECB3A600E0273B /* 新浪微博 */;
			targetProxy = 048C5FFC1BECB3A600E0273B /* PBXContainerItemProxy */;
		};
/* End PBXTargetDependency section */

/* Begin XCBuildConfiguration section */
		048C60021BECB3A600E0273B /* Debug */ = {
			isa = XCBuildConfiguration;
			buildSettings = {
				ALWAYS_SEARCH_USER_PATHS = NO;
				CLANG_CXX_LANGUAGE_STANDARD = "gnu++0x";
				CLANG_CXX_LIBRARY = "libc++";
				CLANG_ENABLE_MODULES = YES;
				CLANG_ENABLE_OBJC_ARC = YES;
				CLANG_WARN_BOOL_CONVERSION = YES;
				CLANG_WARN_CONSTANT_CONVERSION = YES;
				CLANG_WARN_DIRECT_OBJC_ISA_USAGE = YES_ERROR;
				CLANG_WARN_EMPTY_BODY = YES;
				CLANG_WARN_ENUM_CONVERSION = YES;
				CLANG_WARN_INT_CONVERSION = YES;
				CLANG_WARN_OBJC_ROOT_CLASS = YES_ERROR;
				CLANG_WARN_UNREACHABLE_CODE = YES;
				CLANG_WARN__DUPLICATE_METHOD_MATCH = YES;
				"CODE_SIGN_IDENTITY[sdk=iphoneos*]" = "iPhone Developer";
				COPY_PHASE_STRIP = NO;
				DEBUG_INFORMATION_FORMAT = dwarf;
				ENABLE_STRICT_OBJC_MSGSEND = YES;
				ENABLE_TESTABILITY = YES;
				GCC_C_LANGUAGE_STANDARD = gnu99;
				GCC_DYNAMIC_NO_PIC = NO;
				GCC_NO_COMMON_BLOCKS = YES;
				GCC_OPTIMIZATION_LEVEL = 0;
				GCC_PREPROCESSOR_DEFINITIONS = (
					"DEBUG=1",
					"$(inherited)",
				);
				GCC_WARN_64_TO_32_BIT_CONVERSION = YES;
				GCC_WARN_ABOUT_RETURN_TYPE = YES_ERROR;
				GCC_WARN_UNDECLARED_SELECTOR = YES;
				GCC_WARN_UNINITIALIZED_AUTOS = YES_AGGRESSIVE;
				GCC_WARN_UNUSED_FUNCTION = YES;
				GCC_WARN_UNUSED_VARIABLE = YES;
				IPHONEOS_DEPLOYMENT_TARGET = 9.0;
				MTL_ENABLE_DEBUG_INFO = YES;
				ONLY_ACTIVE_ARCH = YES;
				SDKROOT = iphoneos;
			};
			name = Debug;
		};
		048C60031BECB3A600E0273B /* Release */ = {
			isa = XCBuildConfiguration;
			buildSettings = {
				ALWAYS_SEARCH_USER_PATHS = NO;
				CLANG_CXX_LANGUAGE_STANDARD = "gnu++0x";
				CLANG_CXX_LIBRARY = "libc++";
				CLANG_ENABLE_MODULES = YES;
				CLANG_ENABLE_OBJC_ARC = YES;
				CLANG_WARN_BOOL_CONVERSION = YES;
				CLANG_WARN_CONSTANT_CONVERSION = YES;
				CLANG_WARN_DIRECT_OBJC_ISA_USAGE = YES_ERROR;
				CLANG_WARN_EMPTY_BODY = YES;
				CLANG_WARN_ENUM_CONVERSION = YES;
				CLANG_WARN_INT_CONVERSION = YES;
				CLANG_WARN_OBJC_ROOT_CLASS = YES_ERROR;
				CLANG_WARN_UNREACHABLE_CODE = YES;
				CLANG_WARN__DUPLICATE_METHOD_MATCH = YES;
				"CODE_SIGN_IDENTITY[sdk=iphoneos*]" = "iPhone Developer";
				COPY_PHASE_STRIP = NO;
				DEBUG_INFORMATION_FORMAT = "dwarf-with-dsym";
				ENABLE_NS_ASSERTIONS = NO;
				ENABLE_STRICT_OBJC_MSGSEND = YES;
				GCC_C_LANGUAGE_STANDARD = gnu99;
				GCC_NO_COMMON_BLOCKS = YES;
				GCC_WARN_64_TO_32_BIT_CONVERSION = YES;
				GCC_WARN_ABOUT_RETURN_TYPE = YES_ERROR;
				GCC_WARN_UNDECLARED_SELECTOR = YES;
				GCC_WARN_UNINITIALIZED_AUTOS = YES_AGGRESSIVE;
				GCC_WARN_UNUSED_FUNCTION = YES;
				GCC_WARN_UNUSED_VARIABLE = YES;
				IPHONEOS_DEPLOYMENT_TARGET = 9.0;
				MTL_ENABLE_DEBUG_INFO = NO;
				SDKROOT = iphoneos;
				VALIDATE_PRODUCT = YES;
			};
			name = Release;
		};
		048C60051BECB3A600E0273B /* Debug */ = {
			isa = XCBuildConfiguration;
			baseConfigurationReference = EEE5FE8A49FC22EAD05716DC /* Pods-新浪微博.debug.xcconfig */;
			buildSettings = {
				ASSETCATALOG_COMPILER_APPICON_NAME = AppIcon;
				ASSETCATALOG_COMPILER_LAUNCHIMAGE_NAME = BrandAsset;
				GCC_VERSION = "";
				INFOPLIST_FILE = "新浪微博/Info.plist";
				LD_RUNPATH_SEARCH_PATHS = "$(inherited) @executable_path/Frameworks";
				LIBRARY_SEARCH_PATHS = (
					"$(inherited)",
					"$(PROJECT_DIR)/build/Debug-iphoneos",
				);
				PRODUCT_BUNDLE_IDENTIFIER = "com.miaoyi.www.----";
				PRODUCT_NAME = "$(TARGET_NAME)";
				"USER_HEADER_SEARCH_PATHS[arch=*]" = "${SRCROOT}/**";
			};
			name = Debug;
		};
		048C60061BECB3A600E0273B /* Release */ = {
			isa = XCBuildConfiguration;
			baseConfigurationReference = DB0AE2C9547B6C9C5E75A929 /* Pods-新浪微博.release.xcconfig */;
			buildSettings = {
				ASSETCATALOG_COMPILER_APPICON_NAME = AppIcon;
				ASSETCATALOG_COMPILER_LAUNCHIMAGE_NAME = BrandAsset;
				GCC_VERSION = "";
				INFOPLIST_FILE = "新浪微博/Info.plist";
				LD_RUNPATH_SEARCH_PATHS = "$(inherited) @executable_path/Frameworks";
				LIBRARY_SEARCH_PATHS = (
					"$(inherited)",
					"$(PROJECT_DIR)/build/Debug-iphoneos",
				);
				PRODUCT_BUNDLE_IDENTIFIER = "com.miaoyi.www.----";
				PRODUCT_NAME = "$(TARGET_NAME)";
				"USER_HEADER_SEARCH_PATHS[arch=*]" = "${SRCROOT}/**";
			};
			name = Release;
		};
		048C60081BECB3A600E0273B /* Debug */ = {
			isa = XCBuildConfiguration;
			baseConfigurationReference = E2069B2CC802A32E9E03D8BF /* Pods-新浪微博Tests.debug.xcconfig */;
			buildSettings = {
				BUNDLE_LOADER = "$(TEST_HOST)";
				INFOPLIST_FILE = "新浪微博Tests/Info.plist";
				LD_RUNPATH_SEARCH_PATHS = "$(inherited) @executable_path/Frameworks @loader_path/Frameworks";
				PRODUCT_BUNDLE_IDENTIFIER = "com.miaoyi.www.----Tests";
				PRODUCT_NAME = "$(TARGET_NAME)";
				TEST_HOST = "$(BUILT_PRODUCTS_DIR)/新浪微博.app/新浪微博";
			};
			name = Debug;
		};
		048C60091BECB3A600E0273B /* Release */ = {
			isa = XCBuildConfiguration;
			baseConfigurationReference = 619ECD1C1FF62690ACA2E613 /* Pods-新浪微博Tests.release.xcconfig */;
			buildSettings = {
				BUNDLE_LOADER = "$(TEST_HOST)";
				INFOPLIST_FILE = "新浪微博Tests/Info.plist";
				LD_RUNPATH_SEARCH_PATHS = "$(inherited) @executable_path/Frameworks @loader_path/Frameworks";
				PRODUCT_BUNDLE_IDENTIFIER = "com.miaoyi.www.----Tests";
				PRODUCT_NAME = "$(TARGET_NAME)";
				TEST_HOST = "$(BUILT_PRODUCTS_DIR)/新浪微博.app/新浪微博";
			};
			name = Release;
		};
		048C600B1BECB3A600E0273B /* Debug */ = {
			isa = XCBuildConfiguration;
			baseConfigurationReference = 4477D2298D63354176E78A0C /* Pods-新浪微博UITests.debug.xcconfig */;
			buildSettings = {
				INFOPLIST_FILE = "新浪微博UITests/Info.plist";
				LD_RUNPATH_SEARCH_PATHS = "$(inherited) @executable_path/Frameworks @loader_path/Frameworks";
				PRODUCT_BUNDLE_IDENTIFIER = "com.miaoyi.www.----UITests";
				PRODUCT_NAME = "$(TARGET_NAME)";
				TEST_TARGET_NAME = "新浪微博";
				USES_XCTRUNNER = YES;
			};
			name = Debug;
		};
		048C600C1BECB3A600E0273B /* Release */ = {
			isa = XCBuildConfiguration;
			baseConfigurationReference = F8AB10C357C146CB5A9CDA92 /* Pods-新浪微博UITests.release.xcconfig */;
			buildSettings = {
				INFOPLIST_FILE = "新浪微博UITests/Info.plist";
				LD_RUNPATH_SEARCH_PATHS = "$(inherited) @executable_path/Frameworks @loader_path/Frameworks";
				PRODUCT_BUNDLE_IDENTIFIER = "com.miaoyi.www.----UITests";
				PRODUCT_NAME = "$(TARGET_NAME)";
				TEST_TARGET_NAME = "新浪微博";
				USES_XCTRUNNER = YES;
			};
			name = Release;
		};
/* End XCBuildConfiguration section */

/* Begin XCConfigurationList section */
		048C5FD21BECB3A600E0273B /* Build configuration list for PBXProject "新浪微博" */ = {
			isa = XCConfigurationList;
			buildConfigurations = (
				048C60021BECB3A600E0273B /* Debug */,
				048C60031BECB3A600E0273B /* Release */,
			);
			defaultConfigurationIsVisible = 0;
			defaultConfigurationName = Release;
		};
		048C60041BECB3A600E0273B /* Build configuration list for PBXNativeTarget "新浪微博" */ = {
			isa = XCConfigurationList;
			buildConfigurations = (
				048C60051BECB3A600E0273B /* Debug */,
				048C60061BECB3A600E0273B /* Release */,
			);
			defaultConfigurationIsVisible = 0;
			defaultConfigurationName = Release;
		};
		048C60071BECB3A600E0273B /* Build configuration list for PBXNativeTarget "新浪微博Tests" */ = {
			isa = XCConfigurationList;
			buildConfigurations = (
				048C60081BECB3A600E0273B /* Debug */,
				048C60091BECB3A600E0273B /* Release */,
			);
			defaultConfigurationIsVisible = 0;
			defaultConfigurationName = Release;
		};
		048C600A1BECB3A600E0273B /* Build configuration list for PBXNativeTarget "新浪微博UITests" */ = {
			isa = XCConfigurationList;
			buildConfigurations = (
				048C600B1BECB3A600E0273B /* Debug */,
				048C600C1BECB3A600E0273B /* Release */,
			);
			defaultConfigurationIsVisible = 0;
			defaultConfigurationName = Release;
		};
/* End XCConfigurationList section */
	};
	rootObject = 048C5FCF1BECB3A600E0273B /* Project object */;
}
